PODS:
  - Defaults (4.2.2)
  - Preferences (2.2.0)
  - Sparkle (1.26.0)
  - SwiftLint (0.46.5)

DEPENDENCIES:
  - Defaults
  - Preferences
  - Sparkle
  - SwiftLint

SPEC REPOS:
  trunk:
    - Defaults
    - Preferences
    - Sparkle
    - SwiftLint

SPEC CHECKSUMS:
  Defaults: d785e56c0fb8890dc40351603f05c8e1df1bdd45
  Preferences: 4894cc28df3557336b0b72440c893d95203d3e33
  Sparkle: d56d028f4b0c123577825f5d1004f6140d77f90e
  SwiftLint: 2c16e8fa99dac2e440dc0c70ea74d2532048f6cf

PODFILE CHECKSUM: b421cd646a340fad70db87c9d570d7d7e94f91d2

COCOAPODS: 1.11.3
