PODS:
  - Defaults (4.2.2)
  - KeychainSwift (20.0.0)
  - NanoID (1.0.3)
  - Preferences (2.5.0)
  - Sparkle (1.26.0)
  - SQLCipher (4.5.1):
    - SQLCipher/standard (= 4.5.1)
  - SQLCipher/common (4.5.1)
  - SQLCipher/standard (4.5.1):
    - SQLCipher/common
  - SwiftLint (0.47.1)

DEPENDENCIES:
  - Defaults
  - KeychainSwift (~> 20.0)
  - NanoID (~> 1.0)
  - Preferences
  - Sparkle (~> 1.26.0)
  - SQLCipher (~> 4.5)
  - SwiftLint

SPEC REPOS:
  trunk:
    - Defaults
    - KeychainSwift
    - NanoID
    - Preferences
    - Sparkle
    - SQLCipher
    - SwiftLint

SPEC CHECKSUMS:
  Defaults: d785e56c0fb8890dc40351603f05c8e1df1bdd45
  KeychainSwift: 0ce6a4d13f7228054d1a71bb1b500448fb2ab837
  NanoID: 060d290630f851ddd8fb0169ebfd7d44bd8670bd
  Preferences: a78dbe5c407afb66408a929d4708f8fd82abad85
  Sparkle: d56d028f4b0c123577825f5d1004f6140d77f90e
  SQLCipher: 712e8416685e8e575b9b0706ffee71678b2fdcf8
  SwiftLint: f80f1be7fa96d30e0aa68e58d45d4ea1ccaac519

PODFILE CHECKSUM: 3675cd5596e2426de3e0330cb088ec63b9943d01

COCOAPODS: 1.11.3
