// !$*UTF8*$!
{
	archiveVersion = 1;
	classes = {
	};
	objectVersion = 51;
	objects = {

/* Begin PBXBuildFile section */
		4500AC622869F8CC006F3FCC /* PunctutionPane.swift in Sources */ = {isa = PBXBuildFile; fileRef = 4500AC612869F8CC006F3FCC /* PunctutionPane.swift */; };
		4500AC64286F2B42006F3FCC /* UserDictPane.swift in Sources */ = {isa = PBXBuildFile; fileRef = 4500AC63286F2B42006F3FCC /* UserDictPane.swift */; };
		4500AC68287036CB006F3FCC /* DictManager.swift in Sources */ = {isa = PBXBuildFile; fileRef = 4500AC67287036CB006F3FCC /* DictManager.swift */; };
		450B7D9A26A2847D00808A4D /* ApplicationPane.swift in Sources */ = {isa = PBXBuildFile; fileRef = 450B7D9926A2847D00808A4D /* ApplicationPane.swift */; };
		451E6048232E227B007B0463 /* AppDelegate.swift in Sources */ = {isa = PBXBuildFile; fileRef = 451E6047232E227B007B0463 /* AppDelegate.swift */; };
		451E6056232E24A5007B0463 /* FireInputController.swift in Sources */ = {isa = PBXBuildFile; fileRef = 451E6055232E24A5007B0463 /* FireInputController.swift */; };
		451E605D232E3A3C007B0463 /* MainMenu.xib in Resources */ = {isa = PBXBuildFile; fileRef = 451E605C232E3A3C007B0463 /* MainMenu.xib */; };
		451E605F232E400B007B0463 /* Fire.swift in Sources */ = {isa = PBXBuildFile; fileRef = 451E605E232E400B007B0463 /* Fire.swift */; };
		453377E52849E76A0064E4F2 /* StatusBar.swift in Sources */ = {isa = PBXBuildFile; fileRef = 453377E42849E76A0064E4F2 /* StatusBar.swift */; };
		45449B4C23535ED000C9EFEF /* InputMethodKit.framework in Frameworks */ = {isa = PBXBuildFile; fileRef = 451E6058232E2787007B0463 /* InputMethodKit.framework */; };
		45577E502543F03F0064325B /* build.swift in Sources */ = {isa = PBXBuildFile; fileRef = 45577E4F2543F03F0064325B /* build.swift */; };
		45577E562543F4060064325B /* wb_table.txt in Resources */ = {isa = PBXBuildFile; fileRef = 45577E552543F4060064325B /* wb_table.txt */; };
		45577E6225442E240064325B /* main.cpp in Sources */ = {isa = PBXBuildFile; fileRef = 45577E6125442E240064325B /* main.cpp */; };
		45577E8425443E290064325B /* TableBuilder in CopyFiles */ = {isa = PBXBuildFile; fileRef = 45577E5F25442E240064325B /* TableBuilder */; settings = {ATTRIBUTES = (CodeSignOnCopy, ); }; };
		45577E92254448B80064325B /* py_table.txt in Resources */ = {isa = PBXBuildFile; fileRef = 45577E91254448B80064325B /* py_table.txt */; };
		45577EA1254552110064325B /* ThesaurusPane.swift in Sources */ = {isa = PBXBuildFile; fileRef = 45577EA0254552110064325B /* ThesaurusPane.swift */; };
		45577EB0254575480064325B /* types.swift in Sources */ = {isa = PBXBuildFile; fileRef = 45577EAF254575480064325B /* types.swift */; };
		45577EB4254576720064325B /* FirePreferencesController.swift in Sources */ = {isa = PBXBuildFile; fileRef = 45577EB3254576720064325B /* FirePreferencesController.swift */; };
		45587F2D24E8FBFB005F291B /* Utils.swift in Sources */ = {isa = PBXBuildFile; fileRef = 45587F2C24E8FBFB005F291B /* Utils.swift */; };
		45752EBE253C98AB0009F2F0 /* Assets.xcassets in Resources */ = {isa = PBXBuildFile; fileRef = 45752EBD253C98AB0009F2F0 /* Assets.xcassets */; };
		459DE990232EB26600A3ACD1 /* CandidatesView.swift in Sources */ = {isa = PBXBuildFile; fileRef = 459DE98E232EB26500A3ACD1 /* CandidatesView.swift */; };
		459DE991232EB26600A3ACD1 /* CandidatesWindow.swift in Sources */ = {isa = PBXBuildFile; fileRef = 459DE98F232EB26500A3ACD1 /* CandidatesWindow.swift */; };
		45D996AA253C5232001460A8 /* GeneralPane.swift in Sources */ = {isa = PBXBuildFile; fileRef = 45D996A9253C5232001460A8 /* GeneralPane.swift */; };
		45DB6EC727E5B8FE00A39925 /* ThemeConfig.swift in Sources */ = {isa = PBXBuildFile; fileRef = 45DB6EC627E5B8FE00A39925 /* ThemeConfig.swift */; };
		45DB6EC927E609CB00A39925 /* ThemePane.swift in Sources */ = {isa = PBXBuildFile; fileRef = 45DB6EC827E609CB00A39925 /* ThemePane.swift */; };
		45DCE62226A31F140009FED1 /* ApplicationSettingCache.swift in Sources */ = {isa = PBXBuildFile; fileRef = 45DCE62126A31F140009FED1 /* ApplicationSettingCache.swift */; };
		45E85F742573BE1800F71024 /* wb_98_table.txt in Resources */ = {isa = PBXBuildFile; fileRef = 45E85F732573BE1800F71024 /* wb_98_table.txt */; };
		45EBB54E283A073000A56CBA /* Statistics.swift in Sources */ = {isa = PBXBuildFile; fileRef = 45EBB54D283A073000A56CBA /* Statistics.swift */; };
		45EBB550283A311C00A56CBA /* StatisticsPane.swift in Sources */ = {isa = PBXBuildFile; fileRef = 45EBB54F283A311C00A56CBA /* StatisticsPane.swift */; };
		673A400C253D9FE70003901E /* InputSource.swift in Sources */ = {isa = PBXBuildFile; fileRef = 673A400B253D9FE70003901E /* InputSource.swift */; };
		673C416925468A4800F462A3 /* FireMenu.swift in Sources */ = {isa = PBXBuildFile; fileRef = 673C416825468A4800F462A3 /* FireMenu.swift */; };
		673C417225468FFA00F462A3 /* ModifierKeyUpChecker.swift in Sources */ = {isa = PBXBuildFile; fileRef = 673C417125468FFA00F462A3 /* ModifierKeyUpChecker.swift */; };
		673C4178254697E400F462A3 /* TipsWindow.swift in Sources */ = {isa = PBXBuildFile; fileRef = 673C4177254697E400F462A3 /* TipsWindow.swift */; };
		677A0874254BD47D000B58D4 /* ToastWindow.swift in Sources */ = {isa = PBXBuildFile; fileRef = 677A0873254BD47D000B58D4 /* ToastWindow.swift */; };
		67E8B515233B97FD00D7CE80 /* InfoPlist.strings in Resources */ = {isa = PBXBuildFile; fileRef = 67E8B517233B97FD00D7CE80 /* InfoPlist.strings */; };
		67E8B521233C537B00D7CE80 /* fire.pdf in Resources */ = {isa = PBXBuildFile; fileRef = 67E8B51E233C537B00D7CE80 /* fire.pdf */; };
		AD9F20E5BBFCFE438EB5AADC /* libPods-TableBuilder.a in Frameworks */ = {isa = PBXBuildFile; fileRef = F201F29A49FB26FAD4B666CC /* libPods-TableBuilder.a */; };
/* End PBXBuildFile section */

/* Begin PBXContainerItemProxy section */
		45577E6C254438F60064325B /* PBXContainerItemProxy */ = {
			isa = PBXContainerItemProxy;
			containerPortal = 451E603C232E227B007B0463 /* Project object */;
			proxyType = 1;
			remoteGlobalIDString = 45577E5E25442E240064325B;
			remoteInfo = TableBuilder;
		};
/* End PBXContainerItemProxy section */

/* Begin PBXCopyFilesBuildPhase section */
		45577E5D25442E240064325B /* CopyFiles */ = {
			isa = PBXCopyFilesBuildPhase;
			buildActionMask = 2147483647;
			dstPath = /usr/share/man/man1/;
			dstSubfolderSpec = 0;
			files = (
			);
			runOnlyForDeploymentPostprocessing = 1;
		};
		45577E8325443E080064325B /* CopyFiles */ = {
			isa = PBXCopyFilesBuildPhase;
			buildActionMask = 2147483647;
			dstPath = "";
			dstSubfolderSpec = 6;
			files = (
				45577E8425443E290064325B /* TableBuilder in CopyFiles */,
			);
			runOnlyForDeploymentPostprocessing = 0;
		};
/* End PBXCopyFilesBuildPhase section */

/* Begin PBXFileReference section */
		4500AC612869F8CC006F3FCC /* PunctutionPane.swift */ = {isa = PBXFileReference; lastKnownFileType = sourcecode.swift; path = PunctutionPane.swift; sourceTree = "<group>"; };
		4500AC63286F2B42006F3FCC /* UserDictPane.swift */ = {isa = PBXFileReference; lastKnownFileType = sourcecode.swift; path = UserDictPane.swift; sourceTree = "<group>"; };
		4500AC67287036CB006F3FCC /* DictManager.swift */ = {isa = PBXFileReference; lastKnownFileType = sourcecode.swift; path = DictManager.swift; sourceTree = "<group>"; };
		450B7D9926A2847D00808A4D /* ApplicationPane.swift */ = {isa = PBXFileReference; lastKnownFileType = sourcecode.swift; path = ApplicationPane.swift; sourceTree = "<group>"; };
		451E6044232E227B007B0463 /* Fire.app */ = {isa = PBXFileReference; explicitFileType = wrapper.application; includeInIndex = 0; path = Fire.app; sourceTree = BUILT_PRODUCTS_DIR; };
		451E6047232E227B007B0463 /* AppDelegate.swift */ = {isa = PBXFileReference; lastKnownFileType = sourcecode.swift; path = AppDelegate.swift; sourceTree = "<group>"; };
		451E604F232E227C007B0463 /* Fire.entitlements */ = {isa = PBXFileReference; lastKnownFileType = text.plist.entitlements; path = Fire.entitlements; sourceTree = "<group>"; };
		451E6055232E24A5007B0463 /* FireInputController.swift */ = {isa = PBXFileReference; lastKnownFileType = sourcecode.swift; path = FireInputController.swift; sourceTree = "<group>"; };
		451E6058232E2787007B0463 /* InputMethodKit.framework */ = {isa = PBXFileReference; lastKnownFileType = wrapper.framework; name = InputMethodKit.framework; path = System/Library/Frameworks/InputMethodKit.framework; sourceTree = SDKROOT; };
		451E605C232E3A3C007B0463 /* MainMenu.xib */ = {isa = PBXFileReference; fileEncoding = 4; lastKnownFileType = file.xib; path = MainMenu.xib; sourceTree = "<group>"; };
		451E605E232E400B007B0463 /* Fire.swift */ = {isa = PBXFileReference; lastKnownFileType = sourcecode.swift; path = Fire.swift; sourceTree = "<group>"; };
		453377E42849E76A0064E4F2 /* StatusBar.swift */ = {isa = PBXFileReference; lastKnownFileType = sourcecode.swift; path = StatusBar.swift; sourceTree = "<group>"; };
		45577E4F2543F03F0064325B /* build.swift */ = {isa = PBXFileReference; lastKnownFileType = sourcecode.swift; path = build.swift; sourceTree = "<group>"; };
		45577E552543F4060064325B /* wb_table.txt */ = {isa = PBXFileReference; fileEncoding = 4; lastKnownFileType = text; path = wb_table.txt; sourceTree = "<group>"; };
		45577E5F25442E240064325B /* TableBuilder */ = {isa = PBXFileReference; explicitFileType = "compiled.mach-o.executable"; includeInIndex = 0; path = TableBuilder; sourceTree = BUILT_PRODUCTS_DIR; };
		45577E6125442E240064325B /* main.cpp */ = {isa = PBXFileReference; lastKnownFileType = sourcecode.cpp.cpp; path = main.cpp; sourceTree = "<group>"; };
		45577E91254448B80064325B /* py_table.txt */ = {isa = PBXFileReference; fileEncoding = 4; lastKnownFileType = text; path = py_table.txt; sourceTree = "<group>"; };
		45577EA0254552110064325B /* ThesaurusPane.swift */ = {isa = PBXFileReference; lastKnownFileType = sourcecode.swift; path = ThesaurusPane.swift; sourceTree = "<group>"; };
		45577EAF254575480064325B /* types.swift */ = {isa = PBXFileReference; lastKnownFileType = sourcecode.swift; path = types.swift; sourceTree = "<group>"; };
		45577EB3254576720064325B /* FirePreferencesController.swift */ = {isa = PBXFileReference; lastKnownFileType = sourcecode.swift; path = FirePreferencesController.swift; sourceTree = "<group>"; };
		45587F2C24E8FBFB005F291B /* Utils.swift */ = {isa = PBXFileReference; lastKnownFileType = sourcecode.swift; path = Utils.swift; sourceTree = "<group>"; };
		45752EBD253C98AB0009F2F0 /* Assets.xcassets */ = {isa = PBXFileReference; lastKnownFileType = folder.assetcatalog; path = Assets.xcassets; sourceTree = "<group>"; };
		459DE98E232EB26500A3ACD1 /* CandidatesView.swift */ = {isa = PBXFileReference; fileEncoding = 4; lastKnownFileType = sourcecode.swift; path = CandidatesView.swift; sourceTree = "<group>"; };
		459DE98F232EB26500A3ACD1 /* CandidatesWindow.swift */ = {isa = PBXFileReference; fileEncoding = 4; lastKnownFileType = sourcecode.swift; path = CandidatesWindow.swift; sourceTree = "<group>"; };
		45ACDE1A2841C52500658F46 /* Bridging-Header.h */ = {isa = PBXFileReference; lastKnownFileType = sourcecode.c.h; path = "Bridging-Header.h"; sourceTree = "<group>"; };
		45D996A9253C5232001460A8 /* GeneralPane.swift */ = {isa = PBXFileReference; indentWidth = 4; lastKnownFileType = sourcecode.swift; path = GeneralPane.swift; sourceTree = "<group>"; };
		45DB6EC627E5B8FE00A39925 /* ThemeConfig.swift */ = {isa = PBXFileReference; lastKnownFileType = sourcecode.swift; path = ThemeConfig.swift; sourceTree = "<group>"; };
		45DB6EC827E609CB00A39925 /* ThemePane.swift */ = {isa = PBXFileReference; lastKnownFileType = sourcecode.swift; path = ThemePane.swift; sourceTree = "<group>"; };
		45DCE62126A31F140009FED1 /* ApplicationSettingCache.swift */ = {isa = PBXFileReference; lastKnownFileType = sourcecode.swift; path = ApplicationSettingCache.swift; sourceTree = "<group>"; };
		45E85F732573BE1800F71024 /* wb_98_table.txt */ = {isa = PBXFileReference; fileEncoding = 4; lastKnownFileType = text; path = wb_98_table.txt; sourceTree = "<group>"; };
		45EBB54D283A073000A56CBA /* Statistics.swift */ = {isa = PBXFileReference; lastKnownFileType = sourcecode.swift; path = Statistics.swift; sourceTree = "<group>"; };
		45EBB54F283A311C00A56CBA /* StatisticsPane.swift */ = {isa = PBXFileReference; lastKnownFileType = sourcecode.swift; path = StatisticsPane.swift; sourceTree = "<group>"; };
		63CA87FF28AC32324A6D50A5 /* Pods-TableBuilder.release.xcconfig */ = {isa = PBXFileReference; includeInIndex = 1; lastKnownFileType = text.xcconfig; name = "Pods-TableBuilder.release.xcconfig"; path = "Target Support Files/Pods-TableBuilder/Pods-TableBuilder.release.xcconfig"; sourceTree = "<group>"; };
		673A400B253D9FE70003901E /* InputSource.swift */ = {isa = PBXFileReference; lastKnownFileType = sourcecode.swift; path = InputSource.swift; sourceTree = "<group>"; };
		673C416825468A4800F462A3 /* FireMenu.swift */ = {isa = PBXFileReference; lastKnownFileType = sourcecode.swift; path = FireMenu.swift; sourceTree = "<group>"; };
		673C417125468FFA00F462A3 /* ModifierKeyUpChecker.swift */ = {isa = PBXFileReference; indentWidth = 4; lastKnownFileType = sourcecode.swift; path = ModifierKeyUpChecker.swift; sourceTree = "<group>"; };
		673C4177254697E400F462A3 /* TipsWindow.swift */ = {isa = PBXFileReference; lastKnownFileType = sourcecode.swift; path = TipsWindow.swift; sourceTree = "<group>"; };
		677A0873254BD47D000B58D4 /* ToastWindow.swift */ = {isa = PBXFileReference; lastKnownFileType = sourcecode.swift; path = ToastWindow.swift; sourceTree = "<group>"; };
		67E8B511233B978E00D7CE80 /* Info.plist */ = {isa = PBXFileReference; fileEncoding = 4; lastKnownFileType = text.plist.xml; path = Info.plist; sourceTree = "<group>"; };
		67E8B516233B97FD00D7CE80 /* en */ = {isa = PBXFileReference; lastKnownFileType = text.plist.strings; name = en; path = en.lproj/InfoPlist.strings; sourceTree = "<group>"; };
		67E8B518233B994000D7CE80 /* zh-Hans */ = {isa = PBXFileReference; lastKnownFileType = text.plist.strings; name = "zh-Hans"; path = "zh-Hans.lproj/InfoPlist.strings"; sourceTree = "<group>"; };
		67E8B51E233C537B00D7CE80 /* fire.pdf */ = {isa = PBXFileReference; lastKnownFileType = image.pdf; path = fire.pdf; sourceTree = "<group>"; };
		79993C01BC909D0DEEFF5E1F /* Pods-Fire.debug.xcconfig */ = {isa = PBXFileReference; includeInIndex = 1; lastKnownFileType = text.xcconfig; name = "Pods-Fire.debug.xcconfig"; path = "Target Support Files/Pods-Fire/Pods-Fire.debug.xcconfig"; sourceTree = "<group>"; };
		84E31A001A3B997360EE5A42 /* Pods-TableBuilder.debug.xcconfig */ = {isa = PBXFileReference; includeInIndex = 1; lastKnownFileType = text.xcconfig; name = "Pods-TableBuilder.debug.xcconfig"; path = "Target Support Files/Pods-TableBuilder/Pods-TableBuilder.debug.xcconfig"; sourceTree = "<group>"; };
		C9B35A5256409EF1557C898C /* Pods-Fire.release.xcconfig */ = {isa = PBXFileReference; includeInIndex = 1; lastKnownFileType = text.xcconfig; name = "Pods-Fire.release.xcconfig"; path = "Target Support Files/Pods-Fire/Pods-Fire.release.xcconfig"; sourceTree = "<group>"; };
		E5C980F68E92FC39F4BB0E86 /* libPods-Fire.a */ = {isa = PBXFileReference; explicitFileType = archive.ar; includeInIndex = 0; path = "libPods-Fire.a"; sourceTree = BUILT_PRODUCTS_DIR; };
		F201F29A49FB26FAD4B666CC /* libPods-TableBuilder.a */ = {isa = PBXFileReference; explicitFileType = archive.ar; includeInIndex = 0; path = "libPods-TableBuilder.a"; sourceTree = BUILT_PRODUCTS_DIR; };
/* End PBXFileReference section */

/* Begin PBXFrameworksBuildPhase section */
		451E6041232E227B007B0463 /* Frameworks */ = {
			isa = PBXFrameworksBuildPhase;
			buildActionMask = 2147483647;
			files = (
				45449B4C23535ED000C9EFEF /* InputMethodKit.framework in Frameworks */,
			);
			runOnlyForDeploymentPostprocessing = 0;
		};
		45577E5C25442E240064325B /* Frameworks */ = {
			isa = PBXFrameworksBuildPhase;
			buildActionMask = 2147483647;
			files = (
				AD9F20E5BBFCFE438EB5AADC /* libPods-TableBuilder.a in Frameworks */,
			);
			runOnlyForDeploymentPostprocessing = 0;
		};
/* End PBXFrameworksBuildPhase section */

/* Begin PBXGroup section */
		2361C68F9ECE84E0CA0822C3 /* Pods */ = {
			isa = PBXGroup;
			children = (
				79993C01BC909D0DEEFF5E1F /* Pods-Fire.debug.xcconfig */,
				C9B35A5256409EF1557C898C /* Pods-Fire.release.xcconfig */,
				84E31A001A3B997360EE5A42 /* Pods-TableBuilder.debug.xcconfig */,
				63CA87FF28AC32324A6D50A5 /* Pods-TableBuilder.release.xcconfig */,
			);
			path = Pods;
			sourceTree = "<group>";
		};
		451E603B232E227B007B0463 = {
			isa = PBXGroup;
			children = (
				451E6046232E227B007B0463 /* Fire */,
				45577E6025442E240064325B /* TableBuilder */,
				451E6045232E227B007B0463 /* Products */,
				451E6057232E2786007B0463 /* Frameworks */,
				2361C68F9ECE84E0CA0822C3 /* Pods */,
			);
			sourceTree = "<group>";
		};
		451E6045232E227B007B0463 /* Products */ = {
			isa = PBXGroup;
			children = (
				451E6044232E227B007B0463 /* Fire.app */,
				45577E5F25442E240064325B /* TableBuilder */,
			);
			name = Products;
			sourceTree = "<group>";
		};
		451E6046232E227B007B0463 /* Fire */ = {
			isa = PBXGroup;
			children = (
				45DB6EC527E5B8AB00A39925 /* Theme */,
				673C417025468FD400F462A3 /* Utils */,
				45577E952545505D0064325B /* Preferences */,
				45577E522543F1000064325B /* Resources */,
				45577E472543EC060064325B /* Table */,
				45752EBD253C98AB0009F2F0 /* Assets.xcassets */,
				67E8B51E233C537B00D7CE80 /* fire.pdf */,
				67E8B511233B978E00D7CE80 /* Info.plist */,
				67E8B517233B97FD00D7CE80 /* InfoPlist.strings */,
				459DE98E232EB26500A3ACD1 /* CandidatesView.swift */,
				459DE98F232EB26500A3ACD1 /* CandidatesWindow.swift */,
				451E6047232E227B007B0463 /* AppDelegate.swift */,
				451E605C232E3A3C007B0463 /* MainMenu.xib */,
				451E604F232E227C007B0463 /* Fire.entitlements */,
				451E6055232E24A5007B0463 /* FireInputController.swift */,
				673C416825468A4800F462A3 /* FireMenu.swift */,
				451E605E232E400B007B0463 /* Fire.swift */,
				45587F2C24E8FBFB005F291B /* Utils.swift */,
				673A400B253D9FE70003901E /* InputSource.swift */,
				45577EAF254575480064325B /* types.swift */,
				45ACDE1A2841C52500658F46 /* Bridging-Header.h */,
				453377E42849E76A0064E4F2 /* StatusBar.swift */,
				4500AC67287036CB006F3FCC /* DictManager.swift */,
			);
			path = Fire;
			sourceTree = "<group>";
		};
		451E6057232E2786007B0463 /* Frameworks */ = {
			isa = PBXGroup;
			children = (
				451E6058232E2787007B0463 /* InputMethodKit.framework */,
				E5C980F68E92FC39F4BB0E86 /* libPods-Fire.a */,
				F201F29A49FB26FAD4B666CC /* libPods-TableBuilder.a */,
			);
			name = Frameworks;
			sourceTree = "<group>";
		};
		45577E472543EC060064325B /* Table */ = {
			isa = PBXGroup;
			children = (
				45577E4F2543F03F0064325B /* build.swift */,
			);
			path = Table;
			sourceTree = "<group>";
		};
		45577E522543F1000064325B /* Resources */ = {
			isa = PBXGroup;
			children = (
				45E85F732573BE1800F71024 /* wb_98_table.txt */,
				45577E552543F4060064325B /* wb_table.txt */,
				45577E91254448B80064325B /* py_table.txt */,
			);
			path = Resources;
			sourceTree = "<group>";
		};
		45577E6025442E240064325B /* TableBuilder */ = {
			isa = PBXGroup;
			children = (
				45577E6125442E240064325B /* main.cpp */,
			);
			path = TableBuilder;
			sourceTree = "<group>";
		};
		45577E952545505D0064325B /* Preferences */ = {
			isa = PBXGroup;
			children = (
				45D996A9253C5232001460A8 /* GeneralPane.swift */,
				45577EA0254552110064325B /* ThesaurusPane.swift */,
				45577EB3254576720064325B /* FirePreferencesController.swift */,
				450B7D9926A2847D00808A4D /* ApplicationPane.swift */,
				45DB6EC827E609CB00A39925 /* ThemePane.swift */,
				45EBB54F283A311C00A56CBA /* StatisticsPane.swift */,
				4500AC612869F8CC006F3FCC /* PunctutionPane.swift */,
				4500AC63286F2B42006F3FCC /* UserDictPane.swift */,
			);
			path = Preferences;
			sourceTree = "<group>";
		};
		45DB6EC527E5B8AB00A39925 /* Theme */ = {
			isa = PBXGroup;
			children = (
				45DB6EC627E5B8FE00A39925 /* ThemeConfig.swift */,
			);
			path = Theme;
			sourceTree = "<group>";
		};
		673C417025468FD400F462A3 /* Utils */ = {
			isa = PBXGroup;
			children = (
				673C417125468FFA00F462A3 /* ModifierKeyUpChecker.swift */,
				673C4177254697E400F462A3 /* TipsWindow.swift */,
				677A0873254BD47D000B58D4 /* ToastWindow.swift */,
				45DCE62126A31F140009FED1 /* ApplicationSettingCache.swift */,
				45EBB54D283A073000A56CBA /* Statistics.swift */,
			);
			path = Utils;
			sourceTree = "<group>";
		};
/* End PBXGroup section */

/* Begin PBXNativeTarget section */
		451E6043232E227B007B0463 /* Fire */ = {
			isa = PBXNativeTarget;
			buildConfigurationList = 451E6052232E227C007B0463 /* Build configuration list for PBXNativeTarget "Fire" */;
			buildPhases = (
				92D671001C2691A4592362FC /* [CP] Check Pods Manifest.lock */,
				451E6040232E227B007B0463 /* Sources */,
				451E6041232E227B007B0463 /* Frameworks */,
				451E6042232E227B007B0463 /* Resources */,
				45587F2E24E91513005F291B /* lint */,
				45577E8325443E080064325B /* CopyFiles */,
				F59BCE8B8FEBA89F5AC70F62 /* [CP] Embed Pods Frameworks */,
			);
			buildRules = (
			);
			dependencies = (
				45577E6D254438F60064325B /* PBXTargetDependency */,
			);
			name = Fire;
			productName = Fire;
			productReference = 451E6044232E227B007B0463 /* Fire.app */;
			productType = "com.apple.product-type.application";
		};
		45577E5E25442E240064325B /* TableBuilder */ = {
			isa = PBXNativeTarget;
			buildConfigurationList = 45577E6325442E240064325B /* Build configuration list for PBXNativeTarget "TableBuilder" */;
			buildPhases = (
				C7675FA4C92181CC4346D885 /* [CP] Check Pods Manifest.lock */,
				45577E5B25442E240064325B /* Sources */,
				45577E5C25442E240064325B /* Frameworks */,
				45577E5D25442E240064325B /* CopyFiles */,
			);
			buildRules = (
			);
			dependencies = (
			);
			name = TableBuilder;
			productName = TableBuilder;
			productReference = 45577E5F25442E240064325B /* TableBuilder */;
			productType = "com.apple.product-type.tool";
		};
/* End PBXNativeTarget section */

/* Begin PBXProject section */
		451E603C232E227B007B0463 /* Project object */ = {
			isa = PBXProject;
			attributes = {
				DefaultBuildSystemTypeForWorkspace = Latest;
				LastSwiftUpdateCheck = 1030;
				LastUpgradeCheck = 1200;
				ORGANIZATIONNAME = qwertyyb;
				TargetAttributes = {
					451E6043232E227B007B0463 = {
						CreatedOnToolsVersion = 10.3;
						SystemCapabilities = {
							com.apple.Sandbox = {
								enabled = 0;
							};
						};
					};
					45577E5E25442E240064325B = {
						CreatedOnToolsVersion = 12.0.1;
					};
				};
			};
			buildConfigurationList = 451E603F232E227B007B0463 /* Build configuration list for PBXProject "Fire" */;
			compatibilityVersion = "Xcode 9.3";
			developmentRegion = en;
			hasScannedForEncodings = 0;
			knownRegions = (
				en,
				"zh-Hans",
				Base,
			);
			mainGroup = 451E603B232E227B007B0463;
			productRefGroup = 451E6045232E227B007B0463 /* Products */;
			projectDirPath = "";
			projectRoot = "";
			targets = (
				451E6043232E227B007B0463 /* Fire */,
				45577E5E25442E240064325B /* TableBuilder */,
			);
		};
/* End PBXProject section */

/* Begin PBXResourcesBuildPhase section */
		451E6042232E227B007B0463 /* Resources */ = {
			isa = PBXResourcesBuildPhase;
			buildActionMask = 2147483647;
			files = (
				67E8B515233B97FD00D7CE80 /* InfoPlist.strings in Resources */,
				451E605D232E3A3C007B0463 /* MainMenu.xib in Resources */,
				45E85F742573BE1800F71024 /* wb_98_table.txt in Resources */,
				45577E92254448B80064325B /* py_table.txt in Resources */,
				45577E562543F4060064325B /* wb_table.txt in Resources */,
				67E8B521233C537B00D7CE80 /* fire.pdf in Resources */,
				45752EBE253C98AB0009F2F0 /* Assets.xcassets in Resources */,
			);
			runOnlyForDeploymentPostprocessing = 0;
		};
/* End PBXResourcesBuildPhase section */

/* Begin PBXShellScriptBuildPhase section */
		45587F2E24E91513005F291B /* lint */ = {
			isa = PBXShellScriptBuildPhase;
			buildActionMask = 2147483647;
			files = (
			);
			inputFileListPaths = (
			);
			inputPaths = (
			);
			name = lint;
			outputFileListPaths = (
			);
			outputPaths = (
			);
			runOnlyForDeploymentPostprocessing = 0;
			shellPath = /bin/sh;
			shellScript = "# Type a script or drag a script file from your workspace to insert its path.\n\"${PODS_ROOT}/SwiftLint/swiftlint\"\n";
		};
		92D671001C2691A4592362FC /* [CP] Check Pods Manifest.lock */ = {
			isa = PBXShellScriptBuildPhase;
			buildActionMask = 2147483647;
			files = (
			);
			inputFileListPaths = (
			);
			inputPaths = (
				"${PODS_PODFILE_DIR_PATH}/Podfile.lock",
				"${PODS_ROOT}/Manifest.lock",
			);
			name = "[CP] Check Pods Manifest.lock";
			outputFileListPaths = (
			);
			outputPaths = (
				"$(DERIVED_FILE_DIR)/Pods-Fire-checkManifestLockResult.txt",
			);
			runOnlyForDeploymentPostprocessing = 0;
			shellPath = /bin/sh;
			shellScript = "diff \"${PODS_PODFILE_DIR_PATH}/Podfile.lock\" \"${PODS_ROOT}/Manifest.lock\" > /dev/null\nif [ $? != 0 ] ; then\n    # print error to STDERR\n    echo \"error: The sandbox is not in sync with the Podfile.lock. Run 'pod install' or update your CocoaPods installation.\" >&2\n    exit 1\nfi\n# This output is used by Xcode 'outputs' to avoid re-running this script phase.\necho \"SUCCESS\" > \"${SCRIPT_OUTPUT_FILE_0}\"\n";
			showEnvVarsInLog = 0;
		};
		C7675FA4C92181CC4346D885 /* [CP] Check Pods Manifest.lock */ = {
			isa = PBXShellScriptBuildPhase;
			buildActionMask = 2147483647;
			files = (
			);
			inputFileListPaths = (
			);
			inputPaths = (
				"${PODS_PODFILE_DIR_PATH}/Podfile.lock",
				"${PODS_ROOT}/Manifest.lock",
			);
			name = "[CP] Check Pods Manifest.lock";
			outputFileListPaths = (
			);
			outputPaths = (
				"$(DERIVED_FILE_DIR)/Pods-TableBuilder-checkManifestLockResult.txt",
			);
			runOnlyForDeploymentPostprocessing = 0;
			shellPath = /bin/sh;
			shellScript = "diff \"${PODS_PODFILE_DIR_PATH}/Podfile.lock\" \"${PODS_ROOT}/Manifest.lock\" > /dev/null\nif [ $? != 0 ] ; then\n    # print error to STDERR\n    echo \"error: The sandbox is not in sync with the Podfile.lock. Run 'pod install' or update your CocoaPods installation.\" >&2\n    exit 1\nfi\n# This output is used by Xcode 'outputs' to avoid re-running this script phase.\necho \"SUCCESS\" > \"${SCRIPT_OUTPUT_FILE_0}\"\n";
			showEnvVarsInLog = 0;
		};
		F59BCE8B8FEBA89F5AC70F62 /* [CP] Embed Pods Frameworks */ = {
			isa = PBXShellScriptBuildPhase;
			buildActionMask = 2147483647;
			files = (
			);
			inputFileListPaths = (
				"${PODS_ROOT}/Target Support Files/Pods-Fire/Pods-Fire-frameworks-${CONFIGURATION}-input-files.xcfilelist",
			);
			name = "[CP] Embed Pods Frameworks";
			outputFileListPaths = (
				"${PODS_ROOT}/Target Support Files/Pods-Fire/Pods-Fire-frameworks-${CONFIGURATION}-output-files.xcfilelist",
			);
			runOnlyForDeploymentPostprocessing = 0;
			shellPath = /bin/sh;
			shellScript = "\"${PODS_ROOT}/Target Support Files/Pods-Fire/Pods-Fire-frameworks.sh\"\n";
			showEnvVarsInLog = 0;
		};
/* End PBXShellScriptBuildPhase section */

/* Begin PBXSourcesBuildPhase section */
		451E6040232E227B007B0463 /* Sources */ = {
			isa = PBXSourcesBuildPhase;
			buildActionMask = 2147483647;
			files = (
				673C417225468FFA00F462A3 /* ModifierKeyUpChecker.swift in Sources */,
				4500AC64286F2B42006F3FCC /* UserDictPane.swift in Sources */,
				45577EA1254552110064325B /* ThesaurusPane.swift in Sources */,
				451E6056232E24A5007B0463 /* FireInputController.swift in Sources */,
				451E605F232E400B007B0463 /* Fire.swift in Sources */,
				4500AC622869F8CC006F3FCC /* PunctutionPane.swift in Sources */,
				45587F2D24E8FBFB005F291B /* Utils.swift in Sources */,
				45577E502543F03F0064325B /* build.swift in Sources */,
				45D996AA253C5232001460A8 /* GeneralPane.swift in Sources */,
				45EBB54E283A073000A56CBA /* Statistics.swift in Sources */,
				673C416925468A4800F462A3 /* FireMenu.swift in Sources */,
				451E6048232E227B007B0463 /* AppDelegate.swift in Sources */,
				45DB6EC927E609CB00A39925 /* ThemePane.swift in Sources */,
				673A400C253D9FE70003901E /* InputSource.swift in Sources */,
				45EBB550283A311C00A56CBA /* StatisticsPane.swift in Sources */,
				459DE991232EB26600A3ACD1 /* CandidatesWindow.swift in Sources */,
				45577EB0254575480064325B /* types.swift in Sources */,
				45577EB4254576720064325B /* FirePreferencesController.swift in Sources */,
				450B7D9A26A2847D00808A4D /* ApplicationPane.swift in Sources */,
				4500AC68287036CB006F3FCC /* DictManager.swift in Sources */,
				45DCE62226A31F140009FED1 /* ApplicationSettingCache.swift in Sources */,
				459DE990232EB26600A3ACD1 /* CandidatesView.swift in Sources */,
				45DB6EC727E5B8FE00A39925 /* ThemeConfig.swift in Sources */,
				453377E52849E76A0064E4F2 /* StatusBar.swift in Sources */,
				673C4178254697E400F462A3 /* TipsWindow.swift in Sources */,
				677A0874254BD47D000B58D4 /* ToastWindow.swift in Sources */,
			);
			runOnlyForDeploymentPostprocessing = 0;
		};
		45577E5B25442E240064325B /* Sources */ = {
			isa = PBXSourcesBuildPhase;
			buildActionMask = 2147483647;
			files = (
				45577E6225442E240064325B /* main.cpp in Sources */,
			);
			runOnlyForDeploymentPostprocessing = 0;
		};
/* End PBXSourcesBuildPhase section */

/* Begin PBXTargetDependency section */
		45577E6D254438F60064325B /* PBXTargetDependency */ = {
			isa = PBXTargetDependency;
			target = 45577E5E25442E240064325B /* TableBuilder */;
			targetProxy = 45577E6C254438F60064325B /* PBXContainerItemProxy */;
		};
/* End PBXTargetDependency section */

/* Begin PBXVariantGroup section */
		67E8B517233B97FD00D7CE80 /* InfoPlist.strings */ = {
			isa = PBXVariantGroup;
			children = (
				67E8B516233B97FD00D7CE80 /* en */,
				67E8B518233B994000D7CE80 /* zh-Hans */,
			);
			name = InfoPlist.strings;
			sourceTree = "<group>";
		};
/* End PBXVariantGroup section */

/* Begin XCBuildConfiguration section */
		451E6050232E227C007B0463 /* Debug */ = {
			isa = XCBuildConfiguration;
			buildSettings = {
				ALWAYS_SEARCH_USER_PATHS = NO;
				BUILD_LIBRARY_FOR_DISTRIBUTION = NO;
				CLANG_ANALYZER_LOCALIZABILITY_NONLOCALIZED = YES;
				CLANG_ANALYZER_NONNULL = YES;
				CLANG_ANALYZER_NUMBER_OBJECT_CONVERSION = YES_AGGRESSIVE;
				CLANG_CXX_LANGUAGE_STANDARD = "gnu++14";
				CLANG_CXX_LIBRARY = "libc++";
				CLANG_ENABLE_MODULES = YES;
				CLANG_ENABLE_OBJC_ARC = YES;
				CLANG_ENABLE_OBJC_WEAK = YES;
				CLANG_WARN_BLOCK_CAPTURE_AUTORELEASING = YES;
				CLANG_WARN_BOOL_CONVERSION = YES;
				CLANG_WARN_COMMA = YES;
				CLANG_WARN_CONSTANT_CONVERSION = YES;
				CLANG_WARN_DEPRECATED_OBJC_IMPLEMENTATIONS = YES;
				CLANG_WARN_DIRECT_OBJC_ISA_USAGE = YES_ERROR;
				CLANG_WARN_DOCUMENTATION_COMMENTS = YES;
				CLANG_WARN_EMPTY_BODY = YES;
				CLANG_WARN_ENUM_CONVERSION = YES;
				CLANG_WARN_INFINITE_RECURSION = YES;
				CLANG_WARN_INT_CONVERSION = YES;
				CLANG_WARN_NON_LITERAL_NULL_CONVERSION = YES;
				CLANG_WARN_OBJC_IMPLICIT_RETAIN_SELF = YES;
				CLANG_WARN_OBJC_LITERAL_CONVERSION = YES;
				CLANG_WARN_OBJC_ROOT_CLASS = YES_ERROR;
				CLANG_WARN_QUOTED_INCLUDE_IN_FRAMEWORK_HEADER = YES;
				CLANG_WARN_RANGE_LOOP_ANALYSIS = YES;
				CLANG_WARN_STRICT_PROTOTYPES = YES;
				CLANG_WARN_SUSPICIOUS_MOVE = YES;
				CLANG_WARN_UNGUARDED_AVAILABILITY = YES_AGGRESSIVE;
				CLANG_WARN_UNREACHABLE_CODE = YES;
				CLANG_WARN__DUPLICATE_METHOD_MATCH = YES;
				CODE_SIGN_IDENTITY = "Mac Developer";
				CONFIGURATION_BUILD_DIR = "${inherited}";
				COPY_PHASE_STRIP = NO;
				DEBUG_INFORMATION_FORMAT = dwarf;
				ENABLE_STRICT_OBJC_MSGSEND = YES;
				ENABLE_TESTABILITY = YES;
				GCC_C_LANGUAGE_STANDARD = gnu11;
				GCC_DYNAMIC_NO_PIC = NO;
				GCC_NO_COMMON_BLOCKS = YES;
				GCC_OPTIMIZATION_LEVEL = 0;
				GCC_PREPROCESSOR_DEFINITIONS = (
					"DEBUG=1",
					"$(inherited)",
				);
				GCC_WARN_64_TO_32_BIT_CONVERSION = YES;
				GCC_WARN_ABOUT_RETURN_TYPE = YES_ERROR;
				GCC_WARN_UNDECLARED_SELECTOR = YES;
				GCC_WARN_UNINITIALIZED_AUTOS = YES_AGGRESSIVE;
				GCC_WARN_UNUSED_FUNCTION = YES;
				GCC_WARN_UNUSED_VARIABLE = YES;
				MACOSX_DEPLOYMENT_TARGET = 10.15;
				MTL_ENABLE_DEBUG_INFO = INCLUDE_SOURCE;
				MTL_FAST_MATH = YES;
				ONLY_ACTIVE_ARCH = YES;
				SDKROOT = macosx;
				SWIFT_ACTIVE_COMPILATION_CONDITIONS = DEBUG;
				SWIFT_OPTIMIZATION_LEVEL = "-Onone";
			};
			name = Debug;
		};
		451E6051232E227C007B0463 /* Release */ = {
			isa = XCBuildConfiguration;
			buildSettings = {
				ALWAYS_SEARCH_USER_PATHS = NO;
				BUILD_LIBRARY_FOR_DISTRIBUTION = NO;
				CLANG_ANALYZER_LOCALIZABILITY_NONLOCALIZED = YES;
				CLANG_ANALYZER_NONNULL = YES;
				CLANG_ANALYZER_NUMBER_OBJECT_CONVERSION = YES_AGGRESSIVE;
				CLANG_CXX_LANGUAGE_STANDARD = "gnu++14";
				CLANG_CXX_LIBRARY = "libc++";
				CLANG_ENABLE_MODULES = YES;
				CLANG_ENABLE_OBJC_ARC = YES;
				CLANG_ENABLE_OBJC_WEAK = YES;
				CLANG_WARN_BLOCK_CAPTURE_AUTORELEASING = YES;
				CLANG_WARN_BOOL_CONVERSION = YES;
				CLANG_WARN_COMMA = YES;
				CLANG_WARN_CONSTANT_CONVERSION = YES;
				CLANG_WARN_DEPRECATED_OBJC_IMPLEMENTATIONS = YES;
				CLANG_WARN_DIRECT_OBJC_ISA_USAGE = YES_ERROR;
				CLANG_WARN_DOCUMENTATION_COMMENTS = YES;
				CLANG_WARN_EMPTY_BODY = YES;
				CLANG_WARN_ENUM_CONVERSION = YES;
				CLANG_WARN_INFINITE_RECURSION = YES;
				CLANG_WARN_INT_CONVERSION = YES;
				CLANG_WARN_NON_LITERAL_NULL_CONVERSION = YES;
				CLANG_WARN_OBJC_IMPLICIT_RETAIN_SELF = YES;
				CLANG_WARN_OBJC_LITERAL_CONVERSION = YES;
				CLANG_WARN_OBJC_ROOT_CLASS = YES_ERROR;
				CLANG_WARN_QUOTED_INCLUDE_IN_FRAMEWORK_HEADER = YES;
				CLANG_WARN_RANGE_LOOP_ANALYSIS = YES;
				CLANG_WARN_STRICT_PROTOTYPES = YES;
				CLANG_WARN_SUSPICIOUS_MOVE = YES;
				CLANG_WARN_UNGUARDED_AVAILABILITY = YES_AGGRESSIVE;
				CLANG_WARN_UNREACHABLE_CODE = YES;
				CLANG_WARN__DUPLICATE_METHOD_MATCH = YES;
				CODE_SIGN_IDENTITY = "Mac Developer";
				COPY_PHASE_STRIP = NO;
				DEBUG_INFORMATION_FORMAT = "dwarf-with-dsym";
				ENABLE_NS_ASSERTIONS = NO;
				ENABLE_STRICT_OBJC_MSGSEND = YES;
				GCC_C_LANGUAGE_STANDARD = gnu11;
				GCC_NO_COMMON_BLOCKS = YES;
				GCC_WARN_64_TO_32_BIT_CONVERSION = YES;
				GCC_WARN_ABOUT_RETURN_TYPE = YES_ERROR;
				GCC_WARN_UNDECLARED_SELECTOR = YES;
				GCC_WARN_UNINITIALIZED_AUTOS = YES_AGGRESSIVE;
				GCC_WARN_UNUSED_FUNCTION = YES;
				GCC_WARN_UNUSED_VARIABLE = YES;
				MACOSX_DEPLOYMENT_TARGET = 10.15;
				MTL_ENABLE_DEBUG_INFO = NO;
				MTL_FAST_MATH = YES;
				SDKROOT = macosx;
				SWIFT_COMPILATION_MODE = wholemodule;
				SWIFT_OPTIMIZATION_LEVEL = "-O";
			};
			name = Release;
		};
		451E6053232E227C007B0463 /* Debug */ = {
			isa = XCBuildConfiguration;
			baseConfigurationReference = 79993C01BC909D0DEEFF5E1F /* Pods-Fire.debug.xcconfig */;
			buildSettings = {
				ASSETCATALOG_COMPILER_APPICON_NAME = AppIcon;
				BUILD_LIBRARY_FOR_DISTRIBUTION = NO;
				CODE_SIGN_ENTITLEMENTS = Fire/Fire.entitlements;
				CODE_SIGN_IDENTITY = "Apple Development";
				CODE_SIGN_STYLE = Automatic;
				COMBINE_HIDPI_IMAGES = YES;
				CONFIGURATION_BUILD_DIR = "/Library/Input Methods";
				DEVELOPMENT_TEAM = T68XK6867P;
				ENABLE_HARDENED_RUNTIME = YES;
				EXCLUDED_ARCHS = "";
				INFOPLIST_FILE = Fire/Info.plist;
				LD_MAP_FILE_PATH = "";
				LD_RUNPATH_SEARCH_PATHS = (
					"$(inherited)",
					"@executable_path/../Frameworks",
				);
				MACOSX_DEPLOYMENT_TARGET = 10.15;
				PODS_CONFIGURATION_BUILD_DIR = "${PODS_BUILD_DIR}/$(CONFIGURATION)$(EFFECTIVE_PLATFORM_NAME)";
				PRODUCT_BUNDLE_IDENTIFIER = com.qwertyyb.inputmethod.Fire;
				PRODUCT_NAME = "$(TARGET_NAME)";
				PROVISIONING_PROFILE_SPECIFIER = "";
				SWIFT_OBJC_BRIDGING_HEADER = "$SRCROOT/Fire/Bridging-Header.h";
				SWIFT_VERSION = 5.0;
				SYMROOT = build;
			};
			name = Debug;
		};
		451E6054232E227C007B0463 /* Release */ = {
			isa = XCBuildConfiguration;
			baseConfigurationReference = C9B35A5256409EF1557C898C /* Pods-Fire.release.xcconfig */;
			buildSettings = {
				ASSETCATALOG_COMPILER_APPICON_NAME = AppIcon;
				BUILD_LIBRARY_FOR_DISTRIBUTION = NO;
				CODE_SIGN_ENTITLEMENTS = Fire/Fire.entitlements;
				CODE_SIGN_IDENTITY = "Developer ID Application";
				CODE_SIGN_STYLE = Manual;
				COMBINE_HIDPI_IMAGES = YES;
				DEVELOPMENT_TEAM = T68XK6867P;
				ENABLE_HARDENED_RUNTIME = YES;
				EXCLUDED_ARCHS = "";
				INFOPLIST_FILE = Fire/Info.plist;
				LD_MAP_FILE_PATH = "";
				LD_RUNPATH_SEARCH_PATHS = (
					"$(inherited)",
					"@executable_path/../Frameworks",
				);
				MACOSX_DEPLOYMENT_TARGET = 10.15;
				ONLY_ACTIVE_ARCH = NO;
				PRODUCT_BUNDLE_IDENTIFIER = com.qwertyyb.inputmethod.Fire;
				PRODUCT_NAME = "$(TARGET_NAME)";
				PROVISIONING_PROFILE_SPECIFIER = "";
				SWIFT_OBJC_BRIDGING_HEADER = "$SRCROOT/Fire/Bridging-Header.h";
				SWIFT_VERSION = 5.0;
				SYMROOT = build;
			};
			name = Release;
		};
		45577E6425442E240064325B /* Debug */ = {
			isa = XCBuildConfiguration;
			baseConfigurationReference = 84E31A001A3B997360EE5A42 /* Pods-TableBuilder.debug.xcconfig */;
			buildSettings = {
				CODE_SIGN_IDENTITY = "Apple Development";
				CODE_SIGN_STYLE = Automatic;
				DEVELOPMENT_TEAM = T68XK6867P;
				ENABLE_HARDENED_RUNTIME = YES;
				MACH_O_TYPE = mh_execute;
				PRODUCT_NAME = "$(TARGET_NAME)";
				PROVISIONING_PROFILE_SPECIFIER = "";
				SKIP_INSTALL = YES;
			};
			name = Debug;
		};
		45577E6525442E240064325B /* Release */ = {
			isa = XCBuildConfiguration;
			baseConfigurationReference = 63CA87FF28AC32324A6D50A5 /* Pods-TableBuilder.release.xcconfig */;
			buildSettings = {
				CODE_SIGN_IDENTITY = "Developer ID Application";
				CODE_SIGN_STYLE = Manual;
				DEVELOPMENT_TEAM = T68XK6867P;
				ENABLE_HARDENED_RUNTIME = YES;
				MACH_O_TYPE = mh_execute;
				PRODUCT_NAME = "$(TARGET_NAME)";
				PROVISIONING_PROFILE_SPECIFIER = "";
				SKIP_INSTALL = YES;
			};
			name = Release;
		};
/* End XCBuildConfiguration section */

/* Begin XCConfigurationList section */
		451E603F232E227B007B0463 /* Build configuration list for PBXProject "Fire" */ = {
			isa = XCConfigurationList;
			buildConfigurations = (
				451E6050232E227C007B0463 /* Debug */,
				451E6051232E227C007B0463 /* Release */,
			);
			defaultConfigurationIsVisible = 0;
			defaultConfigurationName = Release;
		};
		451E6052232E227C007B0463 /* Build configuration list for PBXNativeTarget "Fire" */ = {
			isa = XCConfigurationList;
			buildConfigurations = (
				451E6053232E227C007B0463 /* Debug */,
				451E6054232E227C007B0463 /* Release */,
			);
			defaultConfigurationIsVisible = 0;
			defaultConfigurationName = Release;
		};
		45577E6325442E240064325B /* Build configuration list for PBXNativeTarget "TableBuilder" */ = {
			isa = XCConfigurationList;
			buildConfigurations = (
				45577E6425442E240064325B /* Debug */,
				45577E6525442E240064325B /* Release */,
			);
			defaultConfigurationIsVisible = 0;
			defaultConfigurationName = Release;
		};
/* End XCConfigurationList section */
	};
	rootObject = 451E603C232E227B007B0463 /* Project object */;
}
