// !$*UTF8*$!
{
	archiveVersion = 1;
	classes = {
	};
	objectVersion = 56;
	objects = {

/* Begin PBXBuildFile section */
		6753419E2AB54A3A00757F76 /* main.cpp in Sources */ = {isa = PBXBuildFile; fileRef = 6753419D2AB54A3A00757F76 /* main.cpp */; };
		675341A72AB54AEA00757F76 /* sqlite3.c in Sources */ = {isa = PBXBuildFile; fileRef = 675341A52AB54AEA00757F76 /* sqlite3.c */; };
		67B514142AB590710084C42B /* TableBuilder in CopyFiles */ = {isa = PBXBuildFile; fileRef = 6753419B2AB54A3A00757F76 /* TableBuilder */; settings = {ATTRIBUTES = (CodeSignOnCopy, ); }; };
		67C99FEC2AB53DB2000B5281 /* AppDelegate.swift in Sources */ = {isa = PBXBuildFile; fileRef = 67C99FEB2AB53DB2000B5281 /* AppDelegate.swift */; };
		67C99FEE2AB53DB4000B5281 /* Assets.xcassets in Resources */ = {isa = PBXBuildFile; fileRef = 67C99FED2AB53DB4000B5281 /* Assets.xcassets */; };
		67C99FFD2AB53E62000B5281 /* ToastWindow.swift in Sources */ = {isa = PBXBuildFile; fileRef = 67C99FF92AB53E62000B5281 /* ToastWindow.swift */; };
		67C99FFE2AB53E62000B5281 /* Statistics.swift in Sources */ = {isa = PBXBuildFile; fileRef = 67C99FFA2AB53E62000B5281 /* Statistics.swift */; };
		67C99FFF2AB53E62000B5281 /* TipsWindow.swift in Sources */ = {isa = PBXBuildFile; fileRef = 67C99FFB2AB53E62000B5281 /* TipsWindow.swift */; };
		67C9A0002AB53E62000B5281 /* ModifierKeyUpChecker.swift in Sources */ = {isa = PBXBuildFile; fileRef = 67C99FFC2AB53E62000B5281 /* ModifierKeyUpChecker.swift */; };
		67C9A0092AB53E83000B5281 /* MainMenu.xib in Resources */ = {isa = PBXBuildFile; fileRef = 67C9A0012AB53E83000B5281 /* MainMenu.xib */; };
		67C9A00A2AB53E83000B5281 /* InputSource.swift in Sources */ = {isa = PBXBuildFile; fileRef = 67C9A0022AB53E83000B5281 /* InputSource.swift */; };
		67C9A00B2AB53E83000B5281 /* Utils.swift in Sources */ = {isa = PBXBuildFile; fileRef = 67C9A0032AB53E83000B5281 /* Utils.swift */; };
		67C9A00C2AB53E83000B5281 /* StatusBar.swift in Sources */ = {isa = PBXBuildFile; fileRef = 67C9A0042AB53E83000B5281 /* StatusBar.swift */; };
		67C9A00D2AB53E83000B5281 /* fire.pdf in Resources */ = {isa = PBXBuildFile; fileRef = 67C9A0052AB53E83000B5281 /* fire.pdf */; };
		67C9A00E2AB53E83000B5281 /* Fire.swift in Sources */ = {isa = PBXBuildFile; fileRef = 67C9A0062AB53E83000B5281 /* Fire.swift */; };
		67C9A00F2AB53E83000B5281 /* FireInputController.swift in Sources */ = {isa = PBXBuildFile; fileRef = 67C9A0072AB53E83000B5281 /* FireInputController.swift */; };
		67C9A0102AB53E83000B5281 /* types.swift in Sources */ = {isa = PBXBuildFile; fileRef = 67C9A0082AB53E83000B5281 /* types.swift */; };
		67C9A0132AB53EB0000B5281 /* build.swift in Sources */ = {isa = PBXBuildFile; fileRef = 67C9A0122AB53EB0000B5281 /* build.swift */; };
		67C9A0312AB53ED3000B5281 /* InfoPlist.strings in Resources */ = {isa = PBXBuildFile; fileRef = 67C9A0152AB53ED2000B5281 /* InfoPlist.strings */; };
		67C9A0322AB53ED3000B5281 /* CandidatesView.swift in Sources */ = {isa = PBXBuildFile; fileRef = 67C9A0182AB53ED2000B5281 /* CandidatesView.swift */; };
		67C9A0342AB53ED3000B5281 /* FireMenu.swift in Sources */ = {isa = PBXBuildFile; fileRef = 67C9A01A2AB53ED2000B5281 /* FireMenu.swift */; };
		67C9A0352AB53ED3000B5281 /* ThemeConfig.swift in Sources */ = {isa = PBXBuildFile; fileRef = 67C9A01C2AB53ED2000B5281 /* ThemeConfig.swift */; };
		67C9A0362AB53ED3000B5281 /* DictManager.swift in Sources */ = {isa = PBXBuildFile; fileRef = 67C9A01D2AB53ED2000B5281 /* DictManager.swift */; };
		67C9A0372AB53ED3000B5281 /* wb_table.txt in Resources */ = {isa = PBXBuildFile; fileRef = 67C9A01F2AB53ED3000B5281 /* wb_table.txt */; };
		67C9A0382AB53ED3000B5281 /* py_table.txt in Resources */ = {isa = PBXBuildFile; fileRef = 67C9A0202AB53ED3000B5281 /* py_table.txt */; };
		67C9A0392AB53ED3000B5281 /* wb_98_table.txt in Resources */ = {isa = PBXBuildFile; fileRef = 67C9A0212AB53ED3000B5281 /* wb_98_table.txt */; };
		67C9A03A2AB53ED3000B5281 /* FireInputServer.swift in Sources */ = {isa = PBXBuildFile; fileRef = 67C9A0222AB53ED3000B5281 /* FireInputServer.swift */; };
		67C9A03C2AB53ED3000B5281 /* StatisticsPane.swift in Sources */ = {isa = PBXBuildFile; fileRef = 67C9A0252AB53ED3000B5281 /* StatisticsPane.swift */; };
		67C9A03D2AB53ED3000B5281 /* FirePreferencesController.swift in Sources */ = {isa = PBXBuildFile; fileRef = 67C9A0262AB53ED3000B5281 /* FirePreferencesController.swift */; };
		67C9A03E2AB53ED3000B5281 /* UserDictPane.swift in Sources */ = {isa = PBXBuildFile; fileRef = 67C9A0272AB53ED3000B5281 /* UserDictPane.swift */; };
		67C9A03F2AB53ED3000B5281 /* GeneralPane.swift in Sources */ = {isa = PBXBuildFile; fileRef = 67C9A0282AB53ED3000B5281 /* GeneralPane.swift */; };
		67C9A0402AB53ED3000B5281 /* ApplicationPane.swift in Sources */ = {isa = PBXBuildFile; fileRef = 67C9A0292AB53ED3000B5281 /* ApplicationPane.swift */; };
		67C9A0412AB53ED3000B5281 /* ThemePane.swift in Sources */ = {isa = PBXBuildFile; fileRef = 67C9A02A2AB53ED3000B5281 /* ThemePane.swift */; };
		67C9A0422AB53ED3000B5281 /* ThesaurusPane.swift in Sources */ = {isa = PBXBuildFile; fileRef = 67C9A02B2AB53ED3000B5281 /* ThesaurusPane.swift */; };
		67C9A0432AB53ED3000B5281 /* PunctuationPane.swift in Sources */ = {isa = PBXBuildFile; fileRef = 67C9A02C2AB53ED3000B5281 /* PunctuationPane.swift */; };
		67C9A0442AB53ED3000B5281 /* CandidatesWindow.swift in Sources */ = {isa = PBXBuildFile; fileRef = 67C9A02D2AB53ED3000B5281 /* CandidatesWindow.swift */; };
		67C9A0452AB53ED3000B5281 /* InfoPlist.strings in Resources */ = {isa = PBXBuildFile; fileRef = 67C9A02F2AB53ED3000B5281 /* InfoPlist.strings */; };
		67C9A0482AB53EF5000B5281 /* Settings in Frameworks */ = {isa = PBXBuildFile; productRef = 67C9A0472AB53EF5000B5281 /* Settings */; };
		67C9A04B2AB53F20000B5281 /* Defaults in Frameworks */ = {isa = PBXBuildFile; productRef = 67C9A04A2AB53F20000B5281 /* Defaults */; };
		67C9A04E2AB53F37000B5281 /* KeychainSwift in Frameworks */ = {isa = PBXBuildFile; productRef = 67C9A04D2AB53F37000B5281 /* KeychainSwift */; };
		67C9A0512AB53F51000B5281 /* NanoID in Frameworks */ = {isa = PBXBuildFile; productRef = 67C9A0502AB53F51000B5281 /* NanoID */; };
		67C9A0542AB53F79000B5281 /* Sparkle in Frameworks */ = {isa = PBXBuildFile; productRef = 67C9A0532AB53F79000B5281 /* Sparkle */; };
		67C9A0582AB5429B000B5281 /* sqlite3.c in Sources */ = {isa = PBXBuildFile; fileRef = 67C9A0562AB5429B000B5281 /* sqlite3.c */; };
		67C9A05B2AB5445E000B5281 /* Security.framework in Frameworks */ = {isa = PBXBuildFile; fileRef = 67C9A05A2AB5445E000B5281 /* Security.framework */; };
/* End PBXBuildFile section */

/* Begin PBXCopyFilesBuildPhase section */
		67B514132AB5866E0084C42B /* CopyFiles */ = {
			isa = PBXCopyFilesBuildPhase;
			buildActionMask = 2147483647;
			dstPath = "";
			dstSubfolderSpec = 6;
			files = (
				67B514142AB590710084C42B /* TableBuilder in CopyFiles */,
			);
			runOnlyForDeploymentPostprocessing = 0;
		};
/* End PBXCopyFilesBuildPhase section */

/* Begin PBXFileReference section */
		6753419B2AB54A3A00757F76 /* TableBuilder */ = {isa = PBXFileReference; explicitFileType = "compiled.mach-o.executable"; includeInIndex = 0; path = TableBuilder; sourceTree = BUILT_PRODUCTS_DIR; };
		6753419D2AB54A3A00757F76 /* main.cpp */ = {isa = PBXFileReference; lastKnownFileType = sourcecode.cpp.cpp; path = main.cpp; sourceTree = "<group>"; };
		675341A52AB54AEA00757F76 /* sqlite3.c */ = {isa = PBXFileReference; fileEncoding = 4; lastKnownFileType = sourcecode.c.c; path = sqlite3.c; sourceTree = "<group>"; };
		675341A62AB54AEA00757F76 /* sqlite3.h */ = {isa = PBXFileReference; fileEncoding = 4; lastKnownFileType = sourcecode.c.h; path = sqlite3.h; sourceTree = "<group>"; };
		67C99FE82AB53DB2000B5281 /* Fire.app */ = {isa = PBXFileReference; explicitFileType = wrapper.application; includeInIndex = 0; path = Fire.app; sourceTree = BUILT_PRODUCTS_DIR; };
		67C99FEB2AB53DB2000B5281 /* AppDelegate.swift */ = {isa = PBXFileReference; lastKnownFileType = sourcecode.swift; path = AppDelegate.swift; sourceTree = "<group>"; };
		67C99FED2AB53DB4000B5281 /* Assets.xcassets */ = {isa = PBXFileReference; lastKnownFileType = folder.assetcatalog; path = Assets.xcassets; sourceTree = "<group>"; };
		67C99FF22AB53DB4000B5281 /* Fire.entitlements */ = {isa = PBXFileReference; lastKnownFileType = text.plist.entitlements; path = Fire.entitlements; sourceTree = "<group>"; };
		67C99FF92AB53E62000B5281 /* ToastWindow.swift */ = {isa = PBXFileReference; fileEncoding = 4; lastKnownFileType = sourcecode.swift; path = ToastWindow.swift; sourceTree = "<group>"; };
		67C99FFA2AB53E62000B5281 /* Statistics.swift */ = {isa = PBXFileReference; fileEncoding = 4; lastKnownFileType = sourcecode.swift; path = Statistics.swift; sourceTree = "<group>"; };
		67C99FFB2AB53E62000B5281 /* TipsWindow.swift */ = {isa = PBXFileReference; fileEncoding = 4; lastKnownFileType = sourcecode.swift; path = TipsWindow.swift; sourceTree = "<group>"; };
		67C99FFC2AB53E62000B5281 /* ModifierKeyUpChecker.swift */ = {isa = PBXFileReference; fileEncoding = 4; lastKnownFileType = sourcecode.swift; path = ModifierKeyUpChecker.swift; sourceTree = "<group>"; };
		67C9A0012AB53E83000B5281 /* MainMenu.xib */ = {isa = PBXFileReference; fileEncoding = 4; lastKnownFileType = file.xib; path = MainMenu.xib; sourceTree = "<group>"; };
		67C9A0022AB53E83000B5281 /* InputSource.swift */ = {isa = PBXFileReference; fileEncoding = 4; lastKnownFileType = sourcecode.swift; path = InputSource.swift; sourceTree = "<group>"; };
		67C9A0032AB53E83000B5281 /* Utils.swift */ = {isa = PBXFileReference; fileEncoding = 4; lastKnownFileType = sourcecode.swift; path = Utils.swift; sourceTree = "<group>"; };
		67C9A0042AB53E83000B5281 /* StatusBar.swift */ = {isa = PBXFileReference; fileEncoding = 4; lastKnownFileType = sourcecode.swift; path = StatusBar.swift; sourceTree = "<group>"; };
		67C9A0052AB53E83000B5281 /* fire.pdf */ = {isa = PBXFileReference; lastKnownFileType = image.pdf; path = fire.pdf; sourceTree = "<group>"; };
		67C9A0062AB53E83000B5281 /* Fire.swift */ = {isa = PBXFileReference; fileEncoding = 4; lastKnownFileType = sourcecode.swift; path = Fire.swift; sourceTree = "<group>"; };
		67C9A0072AB53E83000B5281 /* FireInputController.swift */ = {isa = PBXFileReference; fileEncoding = 4; lastKnownFileType = sourcecode.swift; path = FireInputController.swift; sourceTree = "<group>"; };
		67C9A0082AB53E83000B5281 /* types.swift */ = {isa = PBXFileReference; fileEncoding = 4; lastKnownFileType = sourcecode.swift; path = types.swift; sourceTree = "<group>"; };
		67C9A0122AB53EB0000B5281 /* build.swift */ = {isa = PBXFileReference; fileEncoding = 4; lastKnownFileType = sourcecode.swift; path = build.swift; sourceTree = "<group>"; };
		67C9A0162AB53ED2000B5281 /* en */ = {isa = PBXFileReference; lastKnownFileType = text.plist.strings; name = en; path = InfoPlist.strings; sourceTree = "<group>"; };
		67C9A0172AB53ED2000B5281 /* Bridging-Header.h */ = {isa = PBXFileReference; fileEncoding = 4; lastKnownFileType = sourcecode.c.h; path = "Bridging-Header.h"; sourceTree = "<group>"; };
		67C9A0182AB53ED2000B5281 /* CandidatesView.swift */ = {isa = PBXFileReference; fileEncoding = 4; lastKnownFileType = sourcecode.swift; path = CandidatesView.swift; sourceTree = "<group>"; };
		67C9A0192AB53ED2000B5281 /* Info.plist */ = {isa = PBXFileReference; fileEncoding = 4; lastKnownFileType = text.plist.xml; path = Info.plist; sourceTree = "<group>"; };
		67C9A01A2AB53ED2000B5281 /* FireMenu.swift */ = {isa = PBXFileReference; fileEncoding = 4; lastKnownFileType = sourcecode.swift; path = FireMenu.swift; sourceTree = "<group>"; };
		67C9A01C2AB53ED2000B5281 /* ThemeConfig.swift */ = {isa = PBXFileReference; fileEncoding = 4; lastKnownFileType = sourcecode.swift; path = ThemeConfig.swift; sourceTree = "<group>"; };
		67C9A01D2AB53ED2000B5281 /* DictManager.swift */ = {isa = PBXFileReference; fileEncoding = 4; lastKnownFileType = sourcecode.swift; path = DictManager.swift; sourceTree = "<group>"; };
		67C9A01F2AB53ED3000B5281 /* wb_table.txt */ = {isa = PBXFileReference; fileEncoding = 4; lastKnownFileType = text; path = wb_table.txt; sourceTree = "<group>"; };
		67C9A0202AB53ED3000B5281 /* py_table.txt */ = {isa = PBXFileReference; fileEncoding = 4; lastKnownFileType = text; path = py_table.txt; sourceTree = "<group>"; };
		67C9A0212AB53ED3000B5281 /* wb_98_table.txt */ = {isa = PBXFileReference; fileEncoding = 4; lastKnownFileType = text; path = wb_98_table.txt; sourceTree = "<group>"; };
		67C9A0222AB53ED3000B5281 /* FireInputServer.swift */ = {isa = PBXFileReference; fileEncoding = 4; lastKnownFileType = sourcecode.swift; path = FireInputServer.swift; sourceTree = "<group>"; };
		67C9A0232AB53ED3000B5281 /* Assets.xcassets */ = {isa = PBXFileReference; lastKnownFileType = folder.assetcatalog; path = Assets.xcassets; sourceTree = "<group>"; };
		67C9A0252AB53ED3000B5281 /* StatisticsPane.swift */ = {isa = PBXFileReference; fileEncoding = 4; lastKnownFileType = sourcecode.swift; path = StatisticsPane.swift; sourceTree = "<group>"; };
		67C9A0262AB53ED3000B5281 /* FirePreferencesController.swift */ = {isa = PBXFileReference; fileEncoding = 4; lastKnownFileType = sourcecode.swift; path = FirePreferencesController.swift; sourceTree = "<group>"; };
		67C9A0272AB53ED3000B5281 /* UserDictPane.swift */ = {isa = PBXFileReference; fileEncoding = 4; lastKnownFileType = sourcecode.swift; path = UserDictPane.swift; sourceTree = "<group>"; };
		67C9A0282AB53ED3000B5281 /* GeneralPane.swift */ = {isa = PBXFileReference; fileEncoding = 4; lastKnownFileType = sourcecode.swift; path = GeneralPane.swift; sourceTree = "<group>"; };
		67C9A0292AB53ED3000B5281 /* ApplicationPane.swift */ = {isa = PBXFileReference; fileEncoding = 4; lastKnownFileType = sourcecode.swift; path = ApplicationPane.swift; sourceTree = "<group>"; };
		67C9A02A2AB53ED3000B5281 /* ThemePane.swift */ = {isa = PBXFileReference; fileEncoding = 4; lastKnownFileType = sourcecode.swift; path = ThemePane.swift; sourceTree = "<group>"; };
		67C9A02B2AB53ED3000B5281 /* ThesaurusPane.swift */ = {isa = PBXFileReference; fileEncoding = 4; lastKnownFileType = sourcecode.swift; path = ThesaurusPane.swift; sourceTree = "<group>"; };
		67C9A02C2AB53ED3000B5281 /* PunctuationPane.swift */ = {isa = PBXFileReference; fileEncoding = 4; lastKnownFileType = sourcecode.swift; path = PunctuationPane.swift; sourceTree = "<group>"; };
		67C9A02D2AB53ED3000B5281 /* CandidatesWindow.swift */ = {isa = PBXFileReference; fileEncoding = 4; lastKnownFileType = sourcecode.swift; path = CandidatesWindow.swift; sourceTree = "<group>"; };
		67C9A0302AB53ED3000B5281 /* zh-Hans */ = {isa = PBXFileReference; lastKnownFileType = text.plist.strings; name = "zh-Hans"; path = InfoPlist.strings; sourceTree = "<group>"; };
		67C9A0562AB5429B000B5281 /* sqlite3.c */ = {isa = PBXFileReference; fileEncoding = 4; lastKnownFileType = sourcecode.c.c; path = sqlite3.c; sourceTree = "<group>"; };
		67C9A0572AB5429B000B5281 /* sqlite3.h */ = {isa = PBXFileReference; fileEncoding = 4; lastKnownFileType = sourcecode.c.h; path = sqlite3.h; sourceTree = "<group>"; };
		67C9A05A2AB5445E000B5281 /* Security.framework */ = {isa = PBXFileReference; lastKnownFileType = wrapper.framework; name = Security.framework; path = System/Library/Frameworks/Security.framework; sourceTree = SDKROOT; };
/* End PBXFileReference section */

/* Begin PBXFrameworksBuildPhase section */
		675341982AB54A3A00757F76 /* Frameworks */ = {
			isa = PBXFrameworksBuildPhase;
			buildActionMask = 2147483647;
			files = (
			);
			runOnlyForDeploymentPostprocessing = 0;
		};
		67C99FE52AB53DB2000B5281 /* Frameworks */ = {
			isa = PBXFrameworksBuildPhase;
			buildActionMask = 2147483647;
			files = (
				67C9A05B2AB5445E000B5281 /* Security.framework in Frameworks */,
				67C9A0542AB53F79000B5281 /* Sparkle in Frameworks */,
				67C9A04E2AB53F37000B5281 /* KeychainSwift in Frameworks */,
				67C9A04B2AB53F20000B5281 /* Defaults in Frameworks */,
				67C9A0482AB53EF5000B5281 /* Settings in Frameworks */,
				67C9A0512AB53F51000B5281 /* NanoID in Frameworks */,
			);
			runOnlyForDeploymentPostprocessing = 0;
		};
/* End PBXFrameworksBuildPhase section */

/* Begin PBXGroup section */
		6753419C2AB54A3A00757F76 /* TableBuilder */ = {
			isa = PBXGroup;
			children = (
				675341A42AB54AEA00757F76 /* SQLCipher */,
				6753419D2AB54A3A00757F76 /* main.cpp */,
			);
			path = TableBuilder;
			sourceTree = "<group>";
		};
		675341A42AB54AEA00757F76 /* SQLCipher */ = {
			isa = PBXGroup;
			children = (
				675341A52AB54AEA00757F76 /* sqlite3.c */,
				675341A62AB54AEA00757F76 /* sqlite3.h */,
			);
			path = SQLCipher;
			sourceTree = "<group>";
		};
		67C99FDF2AB53DB2000B5281 = {
			isa = PBXGroup;
			children = (
				67C99FEA2AB53DB2000B5281 /* Fire */,
				6753419C2AB54A3A00757F76 /* TableBuilder */,
				67C99FE92AB53DB2000B5281 /* Products */,
				67C9A0592AB5445E000B5281 /* Frameworks */,
			);
			sourceTree = "<group>";
		};
		67C99FE92AB53DB2000B5281 /* Products */ = {
			isa = PBXGroup;
			children = (
				67C99FE82AB53DB2000B5281 /* Fire.app */,
				6753419B2AB54A3A00757F76 /* TableBuilder */,
			);
			name = Products;
			sourceTree = "<group>";
		};
		67C99FEA2AB53DB2000B5281 /* Fire */ = {
			isa = PBXGroup;
			children = (
				67C9A0552AB5429B000B5281 /* SQLCipher */,
				67C9A0232AB53ED3000B5281 /* Assets.xcassets */,
				67C9A0172AB53ED2000B5281 /* Bridging-Header.h */,
				67C9A0182AB53ED2000B5281 /* CandidatesView.swift */,
				67C9A02D2AB53ED3000B5281 /* CandidatesWindow.swift */,
				67C9A01D2AB53ED2000B5281 /* DictManager.swift */,
				67C9A0142AB53ED2000B5281 /* en.lproj */,
				67C9A0222AB53ED3000B5281 /* FireInputServer.swift */,
				67C9A01A2AB53ED2000B5281 /* FireMenu.swift */,
				67C9A0192AB53ED2000B5281 /* Info.plist */,
				67C9A0242AB53ED3000B5281 /* Preferences */,
				67C9A01E2AB53ED3000B5281 /* Resources */,
				67C9A01B2AB53ED2000B5281 /* Theme */,
				67C9A02E2AB53ED3000B5281 /* zh-Hans.lproj */,
				67C9A0112AB53EB0000B5281 /* Table */,
				67C9A0052AB53E83000B5281 /* fire.pdf */,
				67C9A0062AB53E83000B5281 /* Fire.swift */,
				67C9A0072AB53E83000B5281 /* FireInputController.swift */,
				67C9A0022AB53E83000B5281 /* InputSource.swift */,
				67C9A0012AB53E83000B5281 /* MainMenu.xib */,
				67C9A0042AB53E83000B5281 /* StatusBar.swift */,
				67C9A0082AB53E83000B5281 /* types.swift */,
				67C9A0032AB53E83000B5281 /* Utils.swift */,
				67C99FF82AB53E62000B5281 /* Utils */,
				67C99FEB2AB53DB2000B5281 /* AppDelegate.swift */,
				67C99FED2AB53DB4000B5281 /* Assets.xcassets */,
				67C99FF22AB53DB4000B5281 /* Fire.entitlements */,
			);
			path = Fire;
			sourceTree = "<group>";
		};
		67C99FF82AB53E62000B5281 /* Utils */ = {
			isa = PBXGroup;
			children = (
				67C99FF92AB53E62000B5281 /* ToastWindow.swift */,
				67C99FFA2AB53E62000B5281 /* Statistics.swift */,
				67C99FFB2AB53E62000B5281 /* TipsWindow.swift */,
				67C99FFC2AB53E62000B5281 /* ModifierKeyUpChecker.swift */,
			);
			path = Utils;
			sourceTree = "<group>";
		};
		67C9A0112AB53EB0000B5281 /* Table */ = {
			isa = PBXGroup;
			children = (
				67C9A0122AB53EB0000B5281 /* build.swift */,
			);
			path = Table;
			sourceTree = "<group>";
		};
		67C9A0142AB53ED2000B5281 /* en.lproj */ = {
			isa = PBXGroup;
			children = (
				67C9A0152AB53ED2000B5281 /* InfoPlist.strings */,
			);
			path = en.lproj;
			sourceTree = "<group>";
		};
		67C9A01B2AB53ED2000B5281 /* Theme */ = {
			isa = PBXGroup;
			children = (
				67C9A01C2AB53ED2000B5281 /* ThemeConfig.swift */,
			);
			path = Theme;
			sourceTree = "<group>";
		};
		67C9A01E2AB53ED3000B5281 /* Resources */ = {
			isa = PBXGroup;
			children = (
				67C9A01F2AB53ED3000B5281 /* wb_table.txt */,
				67C9A0202AB53ED3000B5281 /* py_table.txt */,
				67C9A0212AB53ED3000B5281 /* wb_98_table.txt */,
			);
			path = Resources;
			sourceTree = "<group>";
		};
		67C9A0242AB53ED3000B5281 /* Preferences */ = {
			isa = PBXGroup;
			children = (
				67C9A0252AB53ED3000B5281 /* StatisticsPane.swift */,
				67C9A0262AB53ED3000B5281 /* FirePreferencesController.swift */,
				67C9A0272AB53ED3000B5281 /* UserDictPane.swift */,
				67C9A0282AB53ED3000B5281 /* GeneralPane.swift */,
				67C9A0292AB53ED3000B5281 /* ApplicationPane.swift */,
				67C9A02A2AB53ED3000B5281 /* ThemePane.swift */,
				67C9A02B2AB53ED3000B5281 /* ThesaurusPane.swift */,
				67C9A02C2AB53ED3000B5281 /* PunctuationPane.swift */,
			);
			path = Preferences;
			sourceTree = "<group>";
		};
		67C9A02E2AB53ED3000B5281 /* zh-Hans.lproj */ = {
			isa = PBXGroup;
			children = (
				67C9A02F2AB53ED3000B5281 /* InfoPlist.strings */,
			);
			path = "zh-Hans.lproj";
			sourceTree = "<group>";
		};
		67C9A0552AB5429B000B5281 /* SQLCipher */ = {
			isa = PBXGroup;
			children = (
				67C9A0562AB5429B000B5281 /* sqlite3.c */,
				67C9A0572AB5429B000B5281 /* sqlite3.h */,
			);
			path = SQLCipher;
			sourceTree = "<group>";
		};
		67C9A0592AB5445E000B5281 /* Frameworks */ = {
			isa = PBXGroup;
			children = (
				67C9A05A2AB5445E000B5281 /* Security.framework */,
			);
			name = Frameworks;
			sourceTree = "<group>";
		};
/* End PBXGroup section */

/* Begin PBXNativeTarget section */
		6753419A2AB54A3A00757F76 /* TableBuilder */ = {
			isa = PBXNativeTarget;
			buildConfigurationList = 6753419F2AB54A3A00757F76 /* Build configuration list for PBXNativeTarget "TableBuilder" */;
			buildPhases = (
				675341972AB54A3A00757F76 /* Sources */,
				675341982AB54A3A00757F76 /* Frameworks */,
			);
			buildRules = (
			);
			dependencies = (
			);
			name = TableBuilder;
			productName = TableBuilder;
			productReference = 6753419B2AB54A3A00757F76 /* TableBuilder */;
			productType = "com.apple.product-type.tool";
		};
		67C99FE72AB53DB2000B5281 /* Fire */ = {
			isa = PBXNativeTarget;
			buildConfigurationList = 67C99FF52AB53DB4000B5281 /* Build configuration list for PBXNativeTarget "Fire" */;
			buildPhases = (
				67C99FE42AB53DB2000B5281 /* Sources */,
				67C99FE52AB53DB2000B5281 /* Frameworks */,
				67C99FE62AB53DB2000B5281 /* Resources */,
				67B514132AB5866E0084C42B /* CopyFiles */,
			);
			buildRules = (
			);
			dependencies = (
			);
			name = Fire;
			packageProductDependencies = (
				67C9A0472AB53EF5000B5281 /* Settings */,
				67C9A04A2AB53F20000B5281 /* Defaults */,
				67C9A04D2AB53F37000B5281 /* KeychainSwift */,
				67C9A0502AB53F51000B5281 /* NanoID */,
				67C9A0532AB53F79000B5281 /* Sparkle */,
			);
			productName = Fire;
			productReference = 67C99FE82AB53DB2000B5281 /* Fire.app */;
			productType = "com.apple.product-type.application";
		};
/* End PBXNativeTarget section */

/* Begin PBXProject section */
		67C99FE02AB53DB2000B5281 /* Project object */ = {
			isa = PBXProject;
			attributes = {
				BuildIndependentTargetsInParallel = 1;
				LastSwiftUpdateCheck = 1430;
				LastUpgradeCheck = 1430;
				TargetAttributes = {
					6753419A2AB54A3A00757F76 = {
						CreatedOnToolsVersion = 14.3.1;
					};
					67C99FE72AB53DB2000B5281 = {
						CreatedOnToolsVersion = 14.3.1;
					};
				};
			};
			buildConfigurationList = 67C99FE32AB53DB2000B5281 /* Build configuration list for PBXProject "Fire" */;
			compatibilityVersion = "Xcode 14.0";
			developmentRegion = en;
			hasScannedForEncodings = 0;
			knownRegions = (
				en,
				Base,
				"zh-Hans",
			);
			mainGroup = 67C99FDF2AB53DB2000B5281;
			packageReferences = (
				67C9A0462AB53EF5000B5281 /* XCRemoteSwiftPackageReference "Settings" */,
				67C9A0492AB53F20000B5281 /* XCRemoteSwiftPackageReference "Defaults" */,
				67C9A04C2AB53F37000B5281 /* XCRemoteSwiftPackageReference "keychain-swift" */,
				67C9A04F2AB53F51000B5281 /* XCRemoteSwiftPackageReference "NanoID" */,
				67C9A0522AB53F79000B5281 /* XCRemoteSwiftPackageReference "Sparkle" */,
			);
			productRefGroup = 67C99FE92AB53DB2000B5281 /* Products */;
			projectDirPath = "";
			projectRoot = "";
			targets = (
				67C99FE72AB53DB2000B5281 /* Fire */,
				6753419A2AB54A3A00757F76 /* TableBuilder */,
			);
		};
/* End PBXProject section */

/* Begin PBXResourcesBuildPhase section */
		67C99FE62AB53DB2000B5281 /* Resources */ = {
			isa = PBXResourcesBuildPhase;
			buildActionMask = 2147483647;
			files = (
				67C99FEE2AB53DB4000B5281 /* Assets.xcassets in Resources */,
				67C9A0312AB53ED3000B5281 /* InfoPlist.strings in Resources */,
				67C9A0382AB53ED3000B5281 /* py_table.txt in Resources */,
				67C9A0372AB53ED3000B5281 /* wb_table.txt in Resources */,
				67C9A00D2AB53E83000B5281 /* fire.pdf in Resources */,
				67C9A0392AB53ED3000B5281 /* wb_98_table.txt in Resources */,
				67C9A0092AB53E83000B5281 /* MainMenu.xib in Resources */,
				67C9A0452AB53ED3000B5281 /* InfoPlist.strings in Resources */,
			);
			runOnlyForDeploymentPostprocessing = 0;
		};
/* End PBXResourcesBuildPhase section */

/* Begin PBXSourcesBuildPhase section */
		675341972AB54A3A00757F76 /* Sources */ = {
			isa = PBXSourcesBuildPhase;
			buildActionMask = 2147483647;
			files = (
				6753419E2AB54A3A00757F76 /* main.cpp in Sources */,
				675341A72AB54AEA00757F76 /* sqlite3.c in Sources */,
			);
			runOnlyForDeploymentPostprocessing = 0;
		};
		67C99FE42AB53DB2000B5281 /* Sources */ = {
			isa = PBXSourcesBuildPhase;
			buildActionMask = 2147483647;
			files = (
				67C9A03A2AB53ED3000B5281 /* FireInputServer.swift in Sources */,
				67C9A00F2AB53E83000B5281 /* FireInputController.swift in Sources */,
				67C99FEC2AB53DB2000B5281 /* AppDelegate.swift in Sources */,
				67C9A00A2AB53E83000B5281 /* InputSource.swift in Sources */,
				67C9A0352AB53ED3000B5281 /* ThemeConfig.swift in Sources */,
				67C99FFE2AB53E62000B5281 /* Statistics.swift in Sources */,
				67C9A0432AB53ED3000B5281 /* PunctuationPane.swift in Sources */,
				67C9A0342AB53ED3000B5281 /* FireMenu.swift in Sources */,
				67C9A00C2AB53E83000B5281 /* StatusBar.swift in Sources */,
				67C9A03D2AB53ED3000B5281 /* FirePreferencesController.swift in Sources */,
				67C9A03C2AB53ED3000B5281 /* StatisticsPane.swift in Sources */,
				67C9A0322AB53ED3000B5281 /* CandidatesView.swift in Sources */,
				67C9A00B2AB53E83000B5281 /* Utils.swift in Sources */,
				67C9A0402AB53ED3000B5281 /* ApplicationPane.swift in Sources */,
				67C9A0132AB53EB0000B5281 /* build.swift in Sources */,
				67C9A0422AB53ED3000B5281 /* ThesaurusPane.swift in Sources */,
				67C9A0002AB53E62000B5281 /* ModifierKeyUpChecker.swift in Sources */,
				67C9A0442AB53ED3000B5281 /* CandidatesWindow.swift in Sources */,
				67C9A0362AB53ED3000B5281 /* DictManager.swift in Sources */,
				67C9A0582AB5429B000B5281 /* sqlite3.c in Sources */,
				67C99FFD2AB53E62000B5281 /* ToastWindow.swift in Sources */,
				67C9A0412AB53ED3000B5281 /* ThemePane.swift in Sources */,
				67C9A03E2AB53ED3000B5281 /* UserDictPane.swift in Sources */,
				67C9A03F2AB53ED3000B5281 /* GeneralPane.swift in Sources */,
				67C9A00E2AB53E83000B5281 /* Fire.swift in Sources */,
				67C9A0102AB53E83000B5281 /* types.swift in Sources */,
				67C99FFF2AB53E62000B5281 /* TipsWindow.swift in Sources */,
			);
			runOnlyForDeploymentPostprocessing = 0;
		};
/* End PBXSourcesBuildPhase section */

/* Begin PBXVariantGroup section */
		67C9A0152AB53ED2000B5281 /* InfoPlist.strings */ = {
			isa = PBXVariantGroup;
			children = (
				67C9A0162AB53ED2000B5281 /* en */,
			);
			name = InfoPlist.strings;
			sourceTree = "<group>";
		};
		67C9A02F2AB53ED3000B5281 /* InfoPlist.strings */ = {
			isa = PBXVariantGroup;
			children = (
				67C9A0302AB53ED3000B5281 /* zh-Hans */,
			);
			name = InfoPlist.strings;
			sourceTree = "<group>";
		};
/* End PBXVariantGroup section */

/* Begin XCBuildConfiguration section */
		675341A02AB54A3A00757F76 /* Debug */ = {
			isa = XCBuildConfiguration;
			buildSettings = {
				"CODE_SIGN_IDENTITY[sdk=macosx*]" = "Mac Developer";
				CODE_SIGN_STYLE = Manual;
				DEVELOPMENT_TEAM = "";
				"DEVELOPMENT_TEAM[sdk=macosx*]" = T68XK6867P;
				ENABLE_HARDENED_RUNTIME = YES;
				PRODUCT_NAME = "$(TARGET_NAME)";
				PROVISIONING_PROFILE_SPECIFIER = "";
				SKIP_INSTALL = YES;
			};
			name = Debug;
		};
		675341A12AB54A3A00757F76 /* Release */ = {
			isa = XCBuildConfiguration;
			buildSettings = {
				"CODE_SIGN_IDENTITY[sdk=macosx*]" = "Developer ID Application";
				CODE_SIGN_STYLE = Manual;
				DEVELOPMENT_TEAM = "";
				"DEVELOPMENT_TEAM[sdk=macosx*]" = T68XK6867P;
				ENABLE_HARDENED_RUNTIME = YES;
				PRODUCT_NAME = "$(TARGET_NAME)";
				PROVISIONING_PROFILE_SPECIFIER = "";
				SKIP_INSTALL = YES;
			};
			name = Release;
		};
		67C99FF32AB53DB4000B5281 /* Debug */ = {
			isa = XCBuildConfiguration;
			buildSettings = {
				ALWAYS_SEARCH_USER_PATHS = NO;
				CLANG_ANALYZER_NONNULL = YES;
				CLANG_ANALYZER_NUMBER_OBJECT_CONVERSION = YES_AGGRESSIVE;
				CLANG_CXX_LANGUAGE_STANDARD = "gnu++20";
				CLANG_ENABLE_MODULES = YES;
				CLANG_ENABLE_OBJC_ARC = YES;
				CLANG_ENABLE_OBJC_WEAK = YES;
				CLANG_WARN_BLOCK_CAPTURE_AUTORELEASING = YES;
				CLANG_WARN_BOOL_CONVERSION = YES;
				CLANG_WARN_COMMA = YES;
				CLANG_WARN_CONSTANT_CONVERSION = YES;
				CLANG_WARN_DEPRECATED_OBJC_IMPLEMENTATIONS = YES;
				CLANG_WARN_DIRECT_OBJC_ISA_USAGE = YES_ERROR;
				CLANG_WARN_DOCUMENTATION_COMMENTS = YES;
				CLANG_WARN_EMPTY_BODY = YES;
				CLANG_WARN_ENUM_CONVERSION = YES;
				CLANG_WARN_INFINITE_RECURSION = YES;
				CLANG_WARN_INT_CONVERSION = YES;
				CLANG_WARN_NON_LITERAL_NULL_CONVERSION = YES;
				CLANG_WARN_OBJC_IMPLICIT_RETAIN_SELF = YES;
				CLANG_WARN_OBJC_LITERAL_CONVERSION = YES;
				CLANG_WARN_OBJC_ROOT_CLASS = YES_ERROR;
				CLANG_WARN_QUOTED_INCLUDE_IN_FRAMEWORK_HEADER = YES;
				CLANG_WARN_RANGE_LOOP_ANALYSIS = YES;
				CLANG_WARN_STRICT_PROTOTYPES = YES;
				CLANG_WARN_SUSPICIOUS_MOVE = YES;
				CLANG_WARN_UNGUARDED_AVAILABILITY = YES_AGGRESSIVE;
				CLANG_WARN_UNREACHABLE_CODE = YES;
				CLANG_WARN__DUPLICATE_METHOD_MATCH = YES;
				COPY_PHASE_STRIP = NO;
				DEBUG_INFORMATION_FORMAT = dwarf;
				ENABLE_STRICT_OBJC_MSGSEND = YES;
				ENABLE_TESTABILITY = YES;
				GCC_C_LANGUAGE_STANDARD = gnu11;
				GCC_DYNAMIC_NO_PIC = NO;
				GCC_NO_COMMON_BLOCKS = YES;
				GCC_OPTIMIZATION_LEVEL = 0;
				GCC_PREPROCESSOR_DEFINITIONS = (
					"DEBUG=1",
					"$(inherited)",
				);
				GCC_WARN_64_TO_32_BIT_CONVERSION = YES;
				GCC_WARN_ABOUT_RETURN_TYPE = YES_ERROR;
				GCC_WARN_UNDECLARED_SELECTOR = YES;
				GCC_WARN_UNINITIALIZED_AUTOS = YES_AGGRESSIVE;
				GCC_WARN_UNUSED_FUNCTION = YES;
				GCC_WARN_UNUSED_VARIABLE = YES;
				MACOSX_DEPLOYMENT_TARGET = 11.0;
				MTL_ENABLE_DEBUG_INFO = INCLUDE_SOURCE;
				MTL_FAST_MATH = YES;
				ONLY_ACTIVE_ARCH = YES;
				SDKROOT = macosx;
				SWIFT_ACTIVE_COMPILATION_CONDITIONS = DEBUG;
				SWIFT_OPTIMIZATION_LEVEL = "-Onone";
			};
			name = Debug;
		};
		67C99FF42AB53DB4000B5281 /* Release */ = {
			isa = XCBuildConfiguration;
			buildSettings = {
				ALWAYS_SEARCH_USER_PATHS = NO;
				CLANG_ANALYZER_NONNULL = YES;
				CLANG_ANALYZER_NUMBER_OBJECT_CONVERSION = YES_AGGRESSIVE;
				CLANG_CXX_LANGUAGE_STANDARD = "gnu++20";
				CLANG_ENABLE_MODULES = YES;
				CLANG_ENABLE_OBJC_ARC = YES;
				CLANG_ENABLE_OBJC_WEAK = YES;
				CLANG_WARN_BLOCK_CAPTURE_AUTORELEASING = YES;
				CLANG_WARN_BOOL_CONVERSION = YES;
				CLANG_WARN_COMMA = YES;
				CLANG_WARN_CONSTANT_CONVERSION = YES;
				CLANG_WARN_DEPRECATED_OBJC_IMPLEMENTATIONS = YES;
				CLANG_WARN_DIRECT_OBJC_ISA_USAGE = YES_ERROR;
				CLANG_WARN_DOCUMENTATION_COMMENTS = YES;
				CLANG_WARN_EMPTY_BODY = YES;
				CLANG_WARN_ENUM_CONVERSION = YES;
				CLANG_WARN_INFINITE_RECURSION = YES;
				CLANG_WARN_INT_CONVERSION = YES;
				CLANG_WARN_NON_LITERAL_NULL_CONVERSION = YES;
				CLANG_WARN_OBJC_IMPLICIT_RETAIN_SELF = YES;
				CLANG_WARN_OBJC_LITERAL_CONVERSION = YES;
				CLANG_WARN_OBJC_ROOT_CLASS = YES_ERROR;
				CLANG_WARN_QUOTED_INCLUDE_IN_FRAMEWORK_HEADER = YES;
				CLANG_WARN_RANGE_LOOP_ANALYSIS = YES;
				CLANG_WARN_STRICT_PROTOTYPES = YES;
				CLANG_WARN_SUSPICIOUS_MOVE = YES;
				CLANG_WARN_UNGUARDED_AVAILABILITY = YES_AGGRESSIVE;
				CLANG_WARN_UNREACHABLE_CODE = YES;
				CLANG_WARN__DUPLICATE_METHOD_MATCH = YES;
				COPY_PHASE_STRIP = NO;
				DEBUG_INFORMATION_FORMAT = "dwarf-with-dsym";
				ENABLE_NS_ASSERTIONS = NO;
				ENABLE_STRICT_OBJC_MSGSEND = YES;
				GCC_C_LANGUAGE_STANDARD = gnu11;
				GCC_NO_COMMON_BLOCKS = YES;
				GCC_WARN_64_TO_32_BIT_CONVERSION = YES;
				GCC_WARN_ABOUT_RETURN_TYPE = YES_ERROR;
				GCC_WARN_UNDECLARED_SELECTOR = YES;
				GCC_WARN_UNINITIALIZED_AUTOS = YES_AGGRESSIVE;
				GCC_WARN_UNUSED_FUNCTION = YES;
				GCC_WARN_UNUSED_VARIABLE = YES;
				MACOSX_DEPLOYMENT_TARGET = 11.0;
				MTL_ENABLE_DEBUG_INFO = NO;
				MTL_FAST_MATH = YES;
				SDKROOT = macosx;
				SWIFT_COMPILATION_MODE = wholemodule;
				SWIFT_OPTIMIZATION_LEVEL = "-O";
			};
			name = Release;
		};
		67C99FF62AB53DB4000B5281 /* Debug */ = {
			isa = XCBuildConfiguration;
			buildSettings = {
				ASSETCATALOG_COMPILER_APPICON_NAME = AppIcon;
				ASSETCATALOG_COMPILER_GLOBAL_ACCENT_COLOR_NAME = AccentColor;
				CODE_SIGN_ENTITLEMENTS = Fire/Fire.entitlements;
				"CODE_SIGN_IDENTITY[sdk=macosx*]" = "Apple Development";
				CODE_SIGN_STYLE = Automatic;
				COMBINE_HIDPI_IMAGES = YES;
				CURRENT_PROJECT_VERSION = 1;
				DEPLOYMENT_LOCATION = YES;
				DEVELOPMENT_TEAM = T68XK6867P;
				DSTROOT = "/Library/Input Methods";
				ENABLE_HARDENED_RUNTIME = YES;
				GCC_PREPROCESSOR_DEFINITIONS = (
					"DEBUG=1",
					"$(inherited)",
					"SQLITE_HAS_CODEC=1",
				);
				GENERATE_INFOPLIST_FILE = NO;
				INFOPLIST_FILE = Fire/Info.plist;
				INFOPLIST_KEY_NSHumanReadableCopyright = "";
				INFOPLIST_KEY_NSMainNibFile = MainMenu;
				INFOPLIST_KEY_NSPrincipalClass = NSApplication;
				INSTALL_PATH = /;
				LD_RUNPATH_SEARCH_PATHS = (
					"$(inherited)",
					"@executable_path/../Frameworks",
				);
				MARKETING_VERSION = 1.0;
				OTHER_CFLAGS = (
					"-DSQLITE_HAS_CODEC",
					"-DSQLITE_TEMP_STORE=3",
					"-DSQLCIPHER_CRYPTO_CC",
					"-DNDEBUG",
				);
				PRODUCT_BUNDLE_IDENTIFIER = com.qwertyyb.inputmethod.Fire;
				PRODUCT_NAME = "$(TARGET_NAME)";
				SKIP_INSTALL = NO;
				SWIFT_EMIT_LOC_STRINGS = YES;
				SWIFT_OBJC_BRIDGING_HEADER = "Fire/Bridging-Header.h";
				SWIFT_VERSION = 5.0;
				SYMROOT = build;
			};
			name = Debug;
		};
		67C99FF72AB53DB4000B5281 /* Release */ = {
			isa = XCBuildConfiguration;
			buildSettings = {
				ASSETCATALOG_COMPILER_APPICON_NAME = AppIcon;
				ASSETCATALOG_COMPILER_GLOBAL_ACCENT_COLOR_NAME = AccentColor;
				CODE_SIGN_ENTITLEMENTS = Fire/Fire.entitlements;
				"CODE_SIGN_IDENTITY[sdk=macosx*]" = "Developer ID Application";
				CODE_SIGN_STYLE = Manual;
				COMBINE_HIDPI_IMAGES = YES;
				CURRENT_PROJECT_VERSION = 1;
				DEPLOYMENT_LOCATION = NO;
				DEVELOPMENT_TEAM = "";
				"DEVELOPMENT_TEAM[sdk=macosx*]" = T68XK6867P;
				DSTROOT = "/tmp/$(PROJECT_NAME).dst";
				ENABLE_HARDENED_RUNTIME = YES;
				GCC_PREPROCESSOR_DEFINITIONS = "SQLITE_HAS_CODEC=1";
				GENERATE_INFOPLIST_FILE = NO;
				INFOPLIST_FILE = Fire/Info.plist;
				INFOPLIST_KEY_NSHumanReadableCopyright = "";
				INFOPLIST_KEY_NSMainNibFile = MainMenu;
				INFOPLIST_KEY_NSPrincipalClass = NSApplication;
				INSTALL_PATH = "$(LOCAL_APPS_DIR)";
				LD_RUNPATH_SEARCH_PATHS = (
					"$(inherited)",
					"@executable_path/../Frameworks",
				);
				MARKETING_VERSION = 1.0;
				OTHER_CFLAGS = (
					"-DSQLITE_HAS_CODEC",
					"-DSQLITE_TEMP_STORE=3",
					"-DSQLCIPHER_CRYPTO_CC",
					"-DNDEBUG",
				);
				PRODUCT_BUNDLE_IDENTIFIER = com.qwertyyb.inputmethod.Fire;
				PRODUCT_NAME = "$(TARGET_NAME)";
				PROVISIONING_PROFILE_SPECIFIER = "";
				SKIP_INSTALL = NO;
				SWIFT_EMIT_LOC_STRINGS = YES;
				SWIFT_OBJC_BRIDGING_HEADER = "Fire/Bridging-Header.h";
				SWIFT_VERSION = 5.0;
			};
			name = Release;
		};
/* End XCBuildConfiguration section */

/* Begin XCConfigurationList section */
		6753419F2AB54A3A00757F76 /* Build configuration list for PBXNativeTarget "TableBuilder" */ = {
			isa = XCConfigurationList;
			buildConfigurations = (
				675341A02AB54A3A00757F76 /* Debug */,
				675341A12AB54A3A00757F76 /* Release */,
			);
			defaultConfigurationIsVisible = 0;
			defaultConfigurationName = Release;
		};
		67C99FE32AB53DB2000B5281 /* Build configuration list for PBXProject "Fire" */ = {
			isa = XCConfigurationList;
			buildConfigurations = (
				67C99FF32AB53DB4000B5281 /* Debug */,
				67C99FF42AB53DB4000B5281 /* Release */,
			);
			defaultConfigurationIsVisible = 0;
			defaultConfigurationName = Release;
		};
		67C99FF52AB53DB4000B5281 /* Build configuration list for PBXNativeTarget "Fire" */ = {
			isa = XCConfigurationList;
			buildConfigurations = (
				67C99FF62AB53DB4000B5281 /* Debug */,
				67C99FF72AB53DB4000B5281 /* Release */,
			);
			defaultConfigurationIsVisible = 0;
			defaultConfigurationName = Release;
		};
/* End XCConfigurationList section */

/* Begin XCRemoteSwiftPackageReference section */
		67C9A0462AB53EF5000B5281 /* XCRemoteSwiftPackageReference "Settings" */ = {
			isa = XCRemoteSwiftPackageReference;
			repositoryURL = "https://github.com/sindresorhus/Settings";
			requirement = {
				kind = upToNextMajorVersion;
				minimumVersion = 3.0.0;
			};
		};
		67C9A0492AB53F20000B5281 /* XCRemoteSwiftPackageReference "Defaults" */ = {
			isa = XCRemoteSwiftPackageReference;
			repositoryURL = "https://github.com/sindresorhus/Defaults";
			requirement = {
				branch = main;
				kind = branch;
			};
		};
		67C9A04C2AB53F37000B5281 /* XCRemoteSwiftPackageReference "keychain-swift" */ = {
			isa = XCRemoteSwiftPackageReference;
			repositoryURL = "https://github.com/evgenyneu/keychain-swift.git";
			requirement = {
				kind = upToNextMajorVersion;
				minimumVersion = 20.0.0;
			};
		};
		67C9A04F2AB53F51000B5281 /* XCRemoteSwiftPackageReference "NanoID" */ = {
			isa = XCRemoteSwiftPackageReference;
			repositoryURL = "https://github.com/Tundaware/NanoID.git";
			requirement = {
				kind = upToNextMajorVersion;
				minimumVersion = 1.0.0;
			};
		};
		67C9A0522AB53F79000B5281 /* XCRemoteSwiftPackageReference "Sparkle" */ = {
			isa = XCRemoteSwiftPackageReference;
			repositoryURL = "https://github.com/sparkle-project/Sparkle";
			requirement = {
				kind = exactVersion;
				version = 1.26.0;
			};
		};
/* End XCRemoteSwiftPackageReference section */

/* Begin XCSwiftPackageProductDependency section */
		67C9A0472AB53EF5000B5281 /* Settings */ = {
			isa = XCSwiftPackageProductDependency;
			package = 67C9A0462AB53EF5000B5281 /* XCRemoteSwiftPackageReference "Settings" */;
			productName = Settings;
		};
		67C9A04A2AB53F20000B5281 /* Defaults */ = {
			isa = XCSwiftPackageProductDependency;
			package = 67C9A0492AB53F20000B5281 /* XCRemoteSwiftPackageReference "Defaults" */;
			productName = Defaults;
		};
		67C9A04D2AB53F37000B5281 /* KeychainSwift */ = {
			isa = XCSwiftPackageProductDependency;
			package = 67C9A04C2AB53F37000B5281 /* XCRemoteSwiftPackageReference "keychain-swift" */;
			productName = KeychainSwift;
		};
		67C9A0502AB53F51000B5281 /* NanoID */ = {
			isa = XCSwiftPackageProductDependency;
			package = 67C9A04F2AB53F51000B5281 /* XCRemoteSwiftPackageReference "NanoID" */;
			productName = NanoID;
		};
		67C9A0532AB53F79000B5281 /* Sparkle */ = {
			isa = XCSwiftPackageProductDependency;
			package = 67C9A0522AB53F79000B5281 /* XCRemoteSwiftPackageReference "Sparkle" */;
			productName = Sparkle;
		};
/* End XCSwiftPackageProductDependency section */
	};
	rootObject = 67C99FE02AB53DB2000B5281 /* Project object */;
}
