// !$*UTF8*$!
{
	archiveVersion = 1;
	classes = {
	};
	objectVersion = 50;
	objects = {

/* Begin PBXBuildFile section */
		4514F6DF2343468000410EC2 /* preferences.xib in Resources */ = {isa = PBXBuildFile; fileRef = 4514F6DE2343468000410EC2 /* preferences.xib */; };
		451E6048232E227B007B0463 /* AppDelegate.swift in Sources */ = {isa = PBXBuildFile; fileRef = 451E6047232E227B007B0463 /* AppDelegate.swift */; };
		451E604A232E227C007B0463 /* Assets.xcassets in Resources */ = {isa = PBXBuildFile; fileRef = 451E6049232E227C007B0463 /* Assets.xcassets */; };
		451E6056232E24A5007B0463 /* FireInputController.swift in Sources */ = {isa = PBXBuildFile; fileRef = 451E6055232E24A5007B0463 /* FireInputController.swift */; };
		451E6059232E2787007B0463 /* InputMethodKit.framework in Frameworks */ = {isa = PBXBuildFile; fileRef = 451E6058232E2787007B0463 /* InputMethodKit.framework */; };
		451E605D232E3A3C007B0463 /* MainMenu.xib in Resources */ = {isa = PBXBuildFile; fileRef = 451E605C232E3A3C007B0463 /* MainMenu.xib */; };
		451E605F232E400B007B0463 /* Fire.swift in Sources */ = {isa = PBXBuildFile; fileRef = 451E605E232E400B007B0463 /* Fire.swift */; };
		4543349923425C39000950E1 /* PreferencesController.swift in Sources */ = {isa = PBXBuildFile; fileRef = 4543349823425C39000950E1 /* PreferencesController.swift */; };
		459DE990232EB26600A3ACD1 /* FireCandidatesView.swift in Sources */ = {isa = PBXBuildFile; fileRef = 459DE98E232EB26500A3ACD1 /* FireCandidatesView.swift */; };
		459DE991232EB26600A3ACD1 /* FireCandidatesWindow.swift in Sources */ = {isa = PBXBuildFile; fileRef = 459DE98F232EB26500A3ACD1 /* FireCandidatesWindow.swift */; };
		673CD81C233DCF14006538B8 /* table.sqlite in Resources */ = {isa = PBXBuildFile; fileRef = 673CD81B233DCF14006538B8 /* table.sqlite */; };
		67E8B512233B978E00D7CE80 /* Info.plist in Resources */ = {isa = PBXBuildFile; fileRef = 67E8B511233B978E00D7CE80 /* Info.plist */; };
		67E8B515233B97FD00D7CE80 /* InfoPlist.strings in Resources */ = {isa = PBXBuildFile; fileRef = 67E8B517233B97FD00D7CE80 /* InfoPlist.strings */; };
		67E8B520233C537B00D7CE80 /* fire.icns in Resources */ = {isa = PBXBuildFile; fileRef = 67E8B51D233C537B00D7CE80 /* fire.icns */; };
		67E8B521233C537B00D7CE80 /* fire.pdf in Resources */ = {isa = PBXBuildFile; fileRef = 67E8B51E233C537B00D7CE80 /* fire.pdf */; };
		67E8B522233C537B00D7CE80 /* fire.tiff in Resources */ = {isa = PBXBuildFile; fileRef = 67E8B51F233C537B00D7CE80 /* fire.tiff */; };
/* End PBXBuildFile section */

/* Begin PBXFileReference section */
		4514F6DE2343468000410EC2 /* preferences.xib */ = {isa = PBXFileReference; lastKnownFileType = file.xib; path = preferences.xib; sourceTree = "<group>"; };
		451E6044232E227B007B0463 /* Fire.app */ = {isa = PBXFileReference; explicitFileType = wrapper.application; includeInIndex = 0; path = Fire.app; sourceTree = BUILT_PRODUCTS_DIR; };
		451E6047232E227B007B0463 /* AppDelegate.swift */ = {isa = PBXFileReference; lastKnownFileType = sourcecode.swift; path = AppDelegate.swift; sourceTree = "<group>"; };
		451E6049232E227C007B0463 /* Assets.xcassets */ = {isa = PBXFileReference; lastKnownFileType = folder.assetcatalog; path = Assets.xcassets; sourceTree = "<group>"; };
		451E604F232E227C007B0463 /* Fire.entitlements */ = {isa = PBXFileReference; lastKnownFileType = text.plist.entitlements; path = Fire.entitlements; sourceTree = "<group>"; };
		451E6055232E24A5007B0463 /* FireInputController.swift */ = {isa = PBXFileReference; lastKnownFileType = sourcecode.swift; path = FireInputController.swift; sourceTree = "<group>"; };
		451E6058232E2787007B0463 /* InputMethodKit.framework */ = {isa = PBXFileReference; lastKnownFileType = wrapper.framework; name = InputMethodKit.framework; path = System/Library/Frameworks/InputMethodKit.framework; sourceTree = SDKROOT; };
		451E605C232E3A3C007B0463 /* MainMenu.xib */ = {isa = PBXFileReference; fileEncoding = 4; lastKnownFileType = file.xib; path = MainMenu.xib; sourceTree = "<group>"; };
		451E605E232E400B007B0463 /* Fire.swift */ = {isa = PBXFileReference; lastKnownFileType = sourcecode.swift; path = Fire.swift; sourceTree = "<group>"; };
		4543349823425C39000950E1 /* PreferencesController.swift */ = {isa = PBXFileReference; lastKnownFileType = sourcecode.swift; path = PreferencesController.swift; sourceTree = "<group>"; };
		459DE98E232EB26500A3ACD1 /* FireCandidatesView.swift */ = {isa = PBXFileReference; fileEncoding = 4; lastKnownFileType = sourcecode.swift; path = FireCandidatesView.swift; sourceTree = "<group>"; };
		459DE98F232EB26500A3ACD1 /* FireCandidatesWindow.swift */ = {isa = PBXFileReference; fileEncoding = 4; lastKnownFileType = sourcecode.swift; path = FireCandidatesWindow.swift; sourceTree = "<group>"; };
		673CD81B233DCF14006538B8 /* table.sqlite */ = {isa = PBXFileReference; lastKnownFileType = file; path = table.sqlite; sourceTree = "<group>"; };
		67E8B511233B978E00D7CE80 /* Info.plist */ = {isa = PBXFileReference; fileEncoding = 4; lastKnownFileType = text.plist.xml; path = Info.plist; sourceTree = "<group>"; };
		67E8B516233B97FD00D7CE80 /* en */ = {isa = PBXFileReference; lastKnownFileType = text.plist.strings; name = en; path = en.lproj/InfoPlist.strings; sourceTree = "<group>"; };
		67E8B518233B994000D7CE80 /* zh-Hans */ = {isa = PBXFileReference; lastKnownFileType = text.plist.strings; name = "zh-Hans"; path = "zh-Hans.lproj/InfoPlist.strings"; sourceTree = "<group>"; };
		67E8B51D233C537B00D7CE80 /* fire.icns */ = {isa = PBXFileReference; lastKnownFileType = image.icns; path = fire.icns; sourceTree = "<group>"; };
		67E8B51E233C537B00D7CE80 /* fire.pdf */ = {isa = PBXFileReference; lastKnownFileType = image.pdf; path = fire.pdf; sourceTree = "<group>"; };
		67E8B51F233C537B00D7CE80 /* fire.tiff */ = {isa = PBXFileReference; lastKnownFileType = image.tiff; path = fire.tiff; sourceTree = "<group>"; };
/* End PBXFileReference section */

/* Begin PBXFrameworksBuildPhase section */
		451E6041232E227B007B0463 /* Frameworks */ = {
			isa = PBXFrameworksBuildPhase;
			buildActionMask = 2147483647;
			files = (
				451E6059232E2787007B0463 /* InputMethodKit.framework in Frameworks */,
			);
			runOnlyForDeploymentPostprocessing = 0;
		};
/* End PBXFrameworksBuildPhase section */

/* Begin PBXGroup section */
		451E603B232E227B007B0463 = {
			isa = PBXGroup;
			children = (
				451E6046232E227B007B0463 /* Fire */,
				451E6045232E227B007B0463 /* Products */,
				451E6057232E2786007B0463 /* Frameworks */,
			);
			sourceTree = "<group>";
		};
		451E6045232E227B007B0463 /* Products */ = {
			isa = PBXGroup;
			children = (
				451E6044232E227B007B0463 /* Fire.app */,
			);
			name = Products;
			sourceTree = "<group>";
		};
		451E6046232E227B007B0463 /* Fire */ = {
			isa = PBXGroup;
			children = (
				67E8B51D233C537B00D7CE80 /* fire.icns */,
				67E8B51E233C537B00D7CE80 /* fire.pdf */,
				67E8B51F233C537B00D7CE80 /* fire.tiff */,
				67E8B511233B978E00D7CE80 /* Info.plist */,
				67E8B517233B97FD00D7CE80 /* InfoPlist.strings */,
				45E34DC52337C98900CA7E72 /* data */,
				459DE98E232EB26500A3ACD1 /* FireCandidatesView.swift */,
				459DE98F232EB26500A3ACD1 /* FireCandidatesWindow.swift */,
				451E6047232E227B007B0463 /* AppDelegate.swift */,
				451E6049232E227C007B0463 /* Assets.xcassets */,
				451E605C232E3A3C007B0463 /* MainMenu.xib */,
				451E604F232E227C007B0463 /* Fire.entitlements */,
				451E6055232E24A5007B0463 /* FireInputController.swift */,
				451E605E232E400B007B0463 /* Fire.swift */,
				4543349823425C39000950E1 /* PreferencesController.swift */,
				4514F6DE2343468000410EC2 /* preferences.xib */,
			);
			path = Fire;
			sourceTree = "<group>";
		};
		451E6057232E2786007B0463 /* Frameworks */ = {
			isa = PBXGroup;
			children = (
				451E6058232E2787007B0463 /* InputMethodKit.framework */,
			);
			name = Frameworks;
			sourceTree = "<group>";
		};
		45E34DC52337C98900CA7E72 /* data */ = {
			isa = PBXGroup;
			children = (
				673CD81B233DCF14006538B8 /* table.sqlite */,
			);
			path = data;
			sourceTree = "<group>";
		};
/* End PBXGroup section */

/* Begin PBXNativeTarget section */
		451E6043232E227B007B0463 /* Fire */ = {
			isa = PBXNativeTarget;
			buildConfigurationList = 451E6052232E227C007B0463 /* Build configuration list for PBXNativeTarget "Fire" */;
			buildPhases = (
				451E6040232E227B007B0463 /* Sources */,
				451E6041232E227B007B0463 /* Frameworks */,
				451E6042232E227B007B0463 /* Resources */,
			);
			buildRules = (
			);
			dependencies = (
			);
			name = Fire;
			productName = Fire;
			productReference = 451E6044232E227B007B0463 /* Fire.app */;
			productType = "com.apple.product-type.application";
		};
/* End PBXNativeTarget section */

/* Begin PBXProject section */
		451E603C232E227B007B0463 /* Project object */ = {
			isa = PBXProject;
			attributes = {
				LastSwiftUpdateCheck = 1030;
				LastUpgradeCheck = 1030;
				ORGANIZATIONNAME = qwertyyb;
				TargetAttributes = {
					451E6043232E227B007B0463 = {
						CreatedOnToolsVersion = 10.3;
						SystemCapabilities = {
							com.apple.Sandbox = {
								enabled = 0;
							};
						};
					};
				};
			};
			buildConfigurationList = 451E603F232E227B007B0463 /* Build configuration list for PBXProject "Fire" */;
			compatibilityVersion = "Xcode 9.3";
			developmentRegion = en;
			hasScannedForEncodings = 0;
			knownRegions = (
				en,
				"zh-Hans",
			);
			mainGroup = 451E603B232E227B007B0463;
			productRefGroup = 451E6045232E227B007B0463 /* Products */;
			projectDirPath = "";
			projectRoot = "";
			targets = (
				451E6043232E227B007B0463 /* Fire */,
			);
		};
/* End PBXProject section */

/* Begin PBXResourcesBuildPhase section */
		451E6042232E227B007B0463 /* Resources */ = {
			isa = PBXResourcesBuildPhase;
			buildActionMask = 2147483647;
			files = (
				67E8B520233C537B00D7CE80 /* fire.icns in Resources */,
				67E8B515233B97FD00D7CE80 /* InfoPlist.strings in Resources */,
				451E604A232E227C007B0463 /* Assets.xcassets in Resources */,
				451E605D232E3A3C007B0463 /* MainMenu.xib in Resources */,
				673CD81C233DCF14006538B8 /* table.sqlite in Resources */,
				67E8B521233C537B00D7CE80 /* fire.pdf in Resources */,
				67E8B512233B978E00D7CE80 /* Info.plist in Resources */,
				4514F6DF2343468000410EC2 /* preferences.xib in Resources */,
				67E8B522233C537B00D7CE80 /* fire.tiff in Resources */,
			);
			runOnlyForDeploymentPostprocessing = 0;
		};
/* End PBXResourcesBuildPhase section */

/* Begin PBXSourcesBuildPhase section */
		451E6040232E227B007B0463 /* Sources */ = {
			isa = PBXSourcesBuildPhase;
			buildActionMask = 2147483647;
			files = (
				4543349923425C39000950E1 /* PreferencesController.swift in Sources */,
				451E6056232E24A5007B0463 /* FireInputController.swift in Sources */,
				451E605F232E400B007B0463 /* Fire.swift in Sources */,
				451E6048232E227B007B0463 /* AppDelegate.swift in Sources */,
				459DE991232EB26600A3ACD1 /* FireCandidatesWindow.swift in Sources */,
				459DE990232EB26600A3ACD1 /* FireCandidatesView.swift in Sources */,
			);
			runOnlyForDeploymentPostprocessing = 0;
		};
/* End PBXSourcesBuildPhase section */

/* Begin PBXVariantGroup section */
		67E8B517233B97FD00D7CE80 /* InfoPlist.strings */ = {
			isa = PBXVariantGroup;
			children = (
				67E8B516233B97FD00D7CE80 /* en */,
				67E8B518233B994000D7CE80 /* zh-Hans */,
			);
			name = InfoPlist.strings;
			sourceTree = "<group>";
		};
/* End PBXVariantGroup section */

/* Begin XCBuildConfiguration section */
		451E6050232E227C007B0463 /* Debug */ = {
			isa = XCBuildConfiguration;
			buildSettings = {
				ALWAYS_SEARCH_USER_PATHS = NO;
				CLANG_ANALYZER_LOCALIZABILITY_NONLOCALIZED = YES;
				CLANG_ANALYZER_NONNULL = YES;
				CLANG_ANALYZER_NUMBER_OBJECT_CONVERSION = YES_AGGRESSIVE;
				CLANG_CXX_LANGUAGE_STANDARD = "gnu++14";
				CLANG_CXX_LIBRARY = "libc++";
				CLANG_ENABLE_MODULES = YES;
				CLANG_ENABLE_OBJC_ARC = YES;
				CLANG_ENABLE_OBJC_WEAK = YES;
				CLANG_WARN_BLOCK_CAPTURE_AUTORELEASING = YES;
				CLANG_WARN_BOOL_CONVERSION = YES;
				CLANG_WARN_COMMA = YES;
				CLANG_WARN_CONSTANT_CONVERSION = YES;
				CLANG_WARN_DEPRECATED_OBJC_IMPLEMENTATIONS = YES;
				CLANG_WARN_DIRECT_OBJC_ISA_USAGE = YES_ERROR;
				CLANG_WARN_DOCUMENTATION_COMMENTS = YES;
				CLANG_WARN_EMPTY_BODY = YES;
				CLANG_WARN_ENUM_CONVERSION = YES;
				CLANG_WARN_INFINITE_RECURSION = YES;
				CLANG_WARN_INT_CONVERSION = YES;
				CLANG_WARN_NON_LITERAL_NULL_CONVERSION = YES;
				CLANG_WARN_OBJC_IMPLICIT_RETAIN_SELF = YES;
				CLANG_WARN_OBJC_LITERAL_CONVERSION = YES;
				CLANG_WARN_OBJC_ROOT_CLASS = YES_ERROR;
				CLANG_WARN_RANGE_LOOP_ANALYSIS = YES;
				CLANG_WARN_STRICT_PROTOTYPES = YES;
				CLANG_WARN_SUSPICIOUS_MOVE = YES;
				CLANG_WARN_UNGUARDED_AVAILABILITY = YES_AGGRESSIVE;
				CLANG_WARN_UNREACHABLE_CODE = YES;
				CLANG_WARN__DUPLICATE_METHOD_MATCH = YES;
				CODE_SIGN_IDENTITY = "Mac Developer";
				CONFIGURATION_BUILD_DIR = "/Library/Input Methods";
				COPY_PHASE_STRIP = NO;
				DEBUG_INFORMATION_FORMAT = dwarf;
				ENABLE_STRICT_OBJC_MSGSEND = YES;
				ENABLE_TESTABILITY = YES;
				GCC_C_LANGUAGE_STANDARD = gnu11;
				GCC_DYNAMIC_NO_PIC = NO;
				GCC_NO_COMMON_BLOCKS = YES;
				GCC_OPTIMIZATION_LEVEL = 0;
				GCC_PREPROCESSOR_DEFINITIONS = (
					"DEBUG=1",
					"$(inherited)",
				);
				GCC_WARN_64_TO_32_BIT_CONVERSION = YES;
				GCC_WARN_ABOUT_RETURN_TYPE = YES_ERROR;
				GCC_WARN_UNDECLARED_SELECTOR = YES;
				GCC_WARN_UNINITIALIZED_AUTOS = YES_AGGRESSIVE;
				GCC_WARN_UNUSED_FUNCTION = YES;
				GCC_WARN_UNUSED_VARIABLE = YES;
				MACOSX_DEPLOYMENT_TARGET = 10.14;
				MTL_ENABLE_DEBUG_INFO = INCLUDE_SOURCE;
				MTL_FAST_MATH = YES;
				ONLY_ACTIVE_ARCH = YES;
				SDKROOT = macosx;
				SWIFT_ACTIVE_COMPILATION_CONDITIONS = DEBUG;
				SWIFT_OPTIMIZATION_LEVEL = "-Onone";
			};
			name = Debug;
		};
		451E6051232E227C007B0463 /* Release */ = {
			isa = XCBuildConfiguration;
			buildSettings = {
				ALWAYS_SEARCH_USER_PATHS = NO;
				CLANG_ANALYZER_LOCALIZABILITY_NONLOCALIZED = YES;
				CLANG_ANALYZER_NONNULL = YES;
				CLANG_ANALYZER_NUMBER_OBJECT_CONVERSION = YES_AGGRESSIVE;
				CLANG_CXX_LANGUAGE_STANDARD = "gnu++14";
				CLANG_CXX_LIBRARY = "libc++";
				CLANG_ENABLE_MODULES = YES;
				CLANG_ENABLE_OBJC_ARC = YES;
				CLANG_ENABLE_OBJC_WEAK = YES;
				CLANG_WARN_BLOCK_CAPTURE_AUTORELEASING = YES;
				CLANG_WARN_BOOL_CONVERSION = YES;
				CLANG_WARN_COMMA = YES;
				CLANG_WARN_CONSTANT_CONVERSION = YES;
				CLANG_WARN_DEPRECATED_OBJC_IMPLEMENTATIONS = YES;
				CLANG_WARN_DIRECT_OBJC_ISA_USAGE = YES_ERROR;
				CLANG_WARN_DOCUMENTATION_COMMENTS = YES;
				CLANG_WARN_EMPTY_BODY = YES;
				CLANG_WARN_ENUM_CONVERSION = YES;
				CLANG_WARN_INFINITE_RECURSION = YES;
				CLANG_WARN_INT_CONVERSION = YES;
				CLANG_WARN_NON_LITERAL_NULL_CONVERSION = YES;
				CLANG_WARN_OBJC_IMPLICIT_RETAIN_SELF = YES;
				CLANG_WARN_OBJC_LITERAL_CONVERSION = YES;
				CLANG_WARN_OBJC_ROOT_CLASS = YES_ERROR;
				CLANG_WARN_RANGE_LOOP_ANALYSIS = YES;
				CLANG_WARN_STRICT_PROTOTYPES = YES;
				CLANG_WARN_SUSPICIOUS_MOVE = YES;
				CLANG_WARN_UNGUARDED_AVAILABILITY = YES_AGGRESSIVE;
				CLANG_WARN_UNREACHABLE_CODE = YES;
				CLANG_WARN__DUPLICATE_METHOD_MATCH = YES;
				CODE_SIGN_IDENTITY = "Mac Developer";
				COPY_PHASE_STRIP = NO;
				DEBUG_INFORMATION_FORMAT = "dwarf-with-dsym";
				ENABLE_NS_ASSERTIONS = NO;
				ENABLE_STRICT_OBJC_MSGSEND = YES;
				GCC_C_LANGUAGE_STANDARD = gnu11;
				GCC_NO_COMMON_BLOCKS = YES;
				GCC_WARN_64_TO_32_BIT_CONVERSION = YES;
				GCC_WARN_ABOUT_RETURN_TYPE = YES_ERROR;
				GCC_WARN_UNDECLARED_SELECTOR = YES;
				GCC_WARN_UNINITIALIZED_AUTOS = YES_AGGRESSIVE;
				GCC_WARN_UNUSED_FUNCTION = YES;
				GCC_WARN_UNUSED_VARIABLE = YES;
				MACOSX_DEPLOYMENT_TARGET = 10.14;
				MTL_ENABLE_DEBUG_INFO = NO;
				MTL_FAST_MATH = YES;
				SDKROOT = macosx;
				SWIFT_COMPILATION_MODE = wholemodule;
				SWIFT_OPTIMIZATION_LEVEL = "-O";
			};
			name = Release;
		};
		451E6053232E227C007B0463 /* Debug */ = {
			isa = XCBuildConfiguration;
			buildSettings = {
				ASSETCATALOG_COMPILER_APPICON_NAME = AppIcon;
				CODE_SIGN_STYLE = Automatic;
				COMBINE_HIDPI_IMAGES = YES;
				CONFIGURATION_BUILD_DIR = "/Library/Input Methods";
				DEVELOPMENT_TEAM = T68XK6867P;
				INFOPLIST_FILE = Fire/Info.plist;
				LD_RUNPATH_SEARCH_PATHS = (
					"$(inherited)",
					"@executable_path/../Frameworks",
				);
				PRODUCT_BUNDLE_IDENTIFIER = com.qwertyyb.inputmethod.Fire;
				PRODUCT_NAME = "$(TARGET_NAME)";
				SWIFT_VERSION = 5.0;
			};
			name = Debug;
		};
		451E6054232E227C007B0463 /* Release */ = {
			isa = XCBuildConfiguration;
			buildSettings = {
				ASSETCATALOG_COMPILER_APPICON_NAME = AppIcon;
				CODE_SIGN_STYLE = Automatic;
				COMBINE_HIDPI_IMAGES = YES;
				DEVELOPMENT_TEAM = T68XK6867P;
				INFOPLIST_FILE = Fire/Info.plist;
				LD_RUNPATH_SEARCH_PATHS = (
					"$(inherited)",
					"@executable_path/../Frameworks",
				);
				PRODUCT_BUNDLE_IDENTIFIER = com.qwertyyb.inputmethod.Fire;
				PRODUCT_NAME = "$(TARGET_NAME)";
				SWIFT_VERSION = 5.0;
			};
			name = Release;
		};
/* End XCBuildConfiguration section */

/* Begin XCConfigurationList section */
		451E603F232E227B007B0463 /* Build configuration list for PBXProject "Fire" */ = {
			isa = XCConfigurationList;
			buildConfigurations = (
				451E6050232E227C007B0463 /* Debug */,
				451E6051232E227C007B0463 /* Release */,
			);
			defaultConfigurationIsVisible = 0;
			defaultConfigurationName = Release;
		};
		451E6052232E227C007B0463 /* Build configuration list for PBXNativeTarget "Fire" */ = {
			isa = XCConfigurationList;
			buildConfigurations = (
				451E6053232E227C007B0463 /* Debug */,
				451E6054232E227C007B0463 /* Release */,
			);
			defaultConfigurationIsVisible = 0;
			defaultConfigurationName = Release;
		};
/* End XCConfigurationList section */
	};
	rootObject = 451E603C232E227B007B0463 /* Project object */;
}
